// !$*UTF8*$!
{
	archiveVersion = 1;
	classes = {
	};
	objectVersion = 55;
	objects = {

/* Begin PBXBuildFile section */
		21A4708DBFE1157FFACD9D22 /* Pods_PartyHub.framework in Frameworks */ = {isa = PBXBuildFile; fileRef = 987809CF8142C2A20619407A /* Pods_PartyHub.framework */; };
		2C52F2DA28AB047E0007938C /* PresentableProtocol.swift in Sources */ = {isa = PBXBuildFile; fileRef = 2C52F2D928AB047E0007938C /* PresentableProtocol.swift */; };
		2C52F2DC28AB04A60007938C /* TabBarRouter.swift in Sources */ = {isa = PBXBuildFile; fileRef = 2C52F2DB28AB04A60007938C /* TabBarRouter.swift */; };
		2C52F2DF28AB04D20007938C /* DefaultRouter.swift in Sources */ = {isa = PBXBuildFile; fileRef = 2C52F2DE28AB04D20007938C /* DefaultRouter.swift */; };
		2C52F2E128AB8DF20007938C /* UIApplication+TopViewController.swift in Sources */ = {isa = PBXBuildFile; fileRef = 2C52F2E028AB8DF20007938C /* UIApplication+TopViewController.swift */; };
		2CCA56D428A3935100934F99 /* Localizable.strings in Resources */ = {isa = PBXBuildFile; fileRef = 2CCA56D328A3935000934F99 /* Localizable.strings */; };
		2CCA56E828A443EA00934F99 /* CoordinatorProtocol.swift in Sources */ = {isa = PBXBuildFile; fileRef = 2CCA56E728A443EA00934F99 /* CoordinatorProtocol.swift */; };
		2CCA56EA28A4451700934F99 /* TabBarCoordinator.swift in Sources */ = {isa = PBXBuildFile; fileRef = 2CCA56E928A4451700934F99 /* TabBarCoordinator.swift */; };
		2CCA56EE28A5482100934F99 /* R.generated.swift in Sources */ = {isa = PBXBuildFile; fileRef = 2CCA56ED28A5482100934F99 /* R.generated.swift */; };
		2CCA56F128A588A900934F99 /* MenuCoordinator.swift in Sources */ = {isa = PBXBuildFile; fileRef = 2CCA56F028A588A900934F99 /* MenuCoordinator.swift */; };
		2CCA56F328A588BA00934F99 /* MapCoordinator.swift in Sources */ = {isa = PBXBuildFile; fileRef = 2CCA56F228A588BA00934F99 /* MapCoordinator.swift */; };
		2CCA56F528A588CA00934F99 /* ProfileCoordinator.swift in Sources */ = {isa = PBXBuildFile; fileRef = 2CCA56F428A588CA00934F99 /* ProfileCoordinator.swift */; };
		2CCB627628AD5BE6005586AF /* MenuTableViewAdapter.swift in Sources */ = {isa = PBXBuildFile; fileRef = 2CCB627228AD5BE6005586AF /* MenuTableViewAdapter.swift */; };
		2CCB627728AD5BE6005586AF /* MenuTableViewCell.swift in Sources */ = {isa = PBXBuildFile; fileRef = 2CCB627328AD5BE6005586AF /* MenuTableViewCell.swift */; };
		2CCB627828AD5BE6005586AF /* AddTableViewCell.swift in Sources */ = {isa = PBXBuildFile; fileRef = 2CCB627428AD5BE6005586AF /* AddTableViewCell.swift */; };
		2CCB627928AD5BE6005586AF /* MenuVC.swift in Sources */ = {isa = PBXBuildFile; fileRef = 2CCB627528AD5BE6005586AF /* MenuVC.swift */; };
		2CCB627B28AD5C3D005586AF /* Extensions.swift in Sources */ = {isa = PBXBuildFile; fileRef = 2CCB627A28AD5C3D005586AF /* Extensions.swift */; };
		2CCB627D28AD5CA4005586AF /* MapVC.swift in Sources */ = {isa = PBXBuildFile; fileRef = 2CCB627C28AD5CA4005586AF /* MapVC.swift */; };
		B330662B28A2578800528BCE /* AppDelegate.swift in Sources */ = {isa = PBXBuildFile; fileRef = B330662A28A2578800528BCE /* AppDelegate.swift */; };
		B330663428A2578900528BCE /* Assets.xcassets in Resources */ = {isa = PBXBuildFile; fileRef = B330663328A2578900528BCE /* Assets.xcassets */; };
		B330663728A2578900528BCE /* LaunchScreen.storyboard in Resources */ = {isa = PBXBuildFile; fileRef = B330663528A2578900528BCE /* LaunchScreen.storyboard */; };
		E921D60428A8F829001DFB51 /* TabBarVC.swift in Sources */ = {isa = PBXBuildFile; fileRef = E921D60328A8F829001DFB51 /* TabBarVC.swift */; };
		E921D60828A8F8A0001DFB51 /* ProfileVC.swift in Sources */ = {isa = PBXBuildFile; fileRef = E921D60728A8F8A0001DFB51 /* ProfileVC.swift */; };
/* End PBXBuildFile section */

/* Begin PBXFileReference section */
		2C52F2D928AB047E0007938C /* PresentableProtocol.swift */ = {isa = PBXFileReference; lastKnownFileType = sourcecode.swift; path = PresentableProtocol.swift; sourceTree = "<group>"; };
		2C52F2DB28AB04A60007938C /* TabBarRouter.swift */ = {isa = PBXFileReference; lastKnownFileType = sourcecode.swift; path = TabBarRouter.swift; sourceTree = "<group>"; };
		2C52F2DE28AB04D20007938C /* DefaultRouter.swift */ = {isa = PBXFileReference; lastKnownFileType = sourcecode.swift; path = DefaultRouter.swift; sourceTree = "<group>"; };
		2C52F2E028AB8DF20007938C /* UIApplication+TopViewController.swift */ = {isa = PBXFileReference; lastKnownFileType = sourcecode.swift; path = "UIApplication+TopViewController.swift"; sourceTree = "<group>"; };
		2CCA56D328A3935000934F99 /* Localizable.strings */ = {isa = PBXFileReference; lastKnownFileType = text.plist.strings; path = Localizable.strings; sourceTree = "<group>"; };
		2CCA56E728A443EA00934F99 /* CoordinatorProtocol.swift */ = {isa = PBXFileReference; lastKnownFileType = sourcecode.swift; path = CoordinatorProtocol.swift; sourceTree = "<group>"; };
		2CCA56E928A4451700934F99 /* TabBarCoordinator.swift */ = {isa = PBXFileReference; lastKnownFileType = sourcecode.swift; path = TabBarCoordinator.swift; sourceTree = "<group>"; };
		2CCA56ED28A5482100934F99 /* R.generated.swift */ = {isa = PBXFileReference; fileEncoding = 4; lastKnownFileType = sourcecode.swift; path = R.generated.swift; sourceTree = "<group>"; };
		2CCA56F028A588A900934F99 /* MenuCoordinator.swift */ = {isa = PBXFileReference; lastKnownFileType = sourcecode.swift; path = MenuCoordinator.swift; sourceTree = "<group>"; };
		2CCA56F228A588BA00934F99 /* MapCoordinator.swift */ = {isa = PBXFileReference; lastKnownFileType = sourcecode.swift; path = MapCoordinator.swift; sourceTree = "<group>"; };
		2CCA56F428A588CA00934F99 /* ProfileCoordinator.swift */ = {isa = PBXFileReference; lastKnownFileType = sourcecode.swift; path = ProfileCoordinator.swift; sourceTree = "<group>"; };
		2CCB627228AD5BE6005586AF /* MenuTableViewAdapter.swift */ = {isa = PBXFileReference; fileEncoding = 4; lastKnownFileType = sourcecode.swift; path = MenuTableViewAdapter.swift; sourceTree = "<group>"; };
		2CCB627328AD5BE6005586AF /* MenuTableViewCell.swift */ = {isa = PBXFileReference; fileEncoding = 4; lastKnownFileType = sourcecode.swift; path = MenuTableViewCell.swift; sourceTree = "<group>"; };
		2CCB627428AD5BE6005586AF /* AddTableViewCell.swift */ = {isa = PBXFileReference; fileEncoding = 4; lastKnownFileType = sourcecode.swift; path = AddTableViewCell.swift; sourceTree = "<group>"; };
		2CCB627528AD5BE6005586AF /* MenuVC.swift */ = {isa = PBXFileReference; fileEncoding = 4; lastKnownFileType = sourcecode.swift; path = MenuVC.swift; sourceTree = "<group>"; };
		2CCB627A28AD5C3D005586AF /* Extensions.swift */ = {isa = PBXFileReference; fileEncoding = 4; lastKnownFileType = sourcecode.swift; path = Extensions.swift; sourceTree = "<group>"; };
		2CCB627C28AD5CA4005586AF /* MapVC.swift */ = {isa = PBXFileReference; fileEncoding = 4; lastKnownFileType = sourcecode.swift; path = MapVC.swift; sourceTree = "<group>"; };
		50B326832CFED75469491F5F /* Pods-PartyHub.release.xcconfig */ = {isa = PBXFileReference; includeInIndex = 1; lastKnownFileType = text.xcconfig; name = "Pods-PartyHub.release.xcconfig"; path = "Target Support Files/Pods-PartyHub/Pods-PartyHub.release.xcconfig"; sourceTree = "<group>"; };
		581F7A790F3FD049323D6791 /* Pods-PartyHub.debug.xcconfig */ = {isa = PBXFileReference; includeInIndex = 1; lastKnownFileType = text.xcconfig; name = "Pods-PartyHub.debug.xcconfig"; path = "Target Support Files/Pods-PartyHub/Pods-PartyHub.debug.xcconfig"; sourceTree = "<group>"; };
		987809CF8142C2A20619407A /* Pods_PartyHub.framework */ = {isa = PBXFileReference; explicitFileType = wrapper.framework; includeInIndex = 0; path = Pods_PartyHub.framework; sourceTree = BUILT_PRODUCTS_DIR; };
		B330662728A2578800528BCE /* PartyHub.app */ = {isa = PBXFileReference; explicitFileType = wrapper.application; includeInIndex = 0; path = PartyHub.app; sourceTree = BUILT_PRODUCTS_DIR; };
		B330662A28A2578800528BCE /* AppDelegate.swift */ = {isa = PBXFileReference; lastKnownFileType = sourcecode.swift; path = AppDelegate.swift; sourceTree = "<group>"; };
		B330663328A2578900528BCE /* Assets.xcassets */ = {isa = PBXFileReference; lastKnownFileType = folder.assetcatalog; path = Assets.xcassets; sourceTree = "<group>"; };
		B330663628A2578900528BCE /* Base */ = {isa = PBXFileReference; lastKnownFileType = file.storyboard; name = Base; path = Base.lproj/LaunchScreen.storyboard; sourceTree = "<group>"; };
		B330663828A2578900528BCE /* Info.plist */ = {isa = PBXFileReference; lastKnownFileType = text.plist.xml; path = Info.plist; sourceTree = "<group>"; };
		E921D60328A8F829001DFB51 /* TabBarVC.swift */ = {isa = PBXFileReference; lastKnownFileType = sourcecode.swift; path = TabBarVC.swift; sourceTree = "<group>"; };
		E921D60728A8F8A0001DFB51 /* ProfileVC.swift */ = {isa = PBXFileReference; lastKnownFileType = sourcecode.swift; path = ProfileVC.swift; sourceTree = "<group>"; };
/* End PBXFileReference section */

/* Begin PBXFrameworksBuildPhase section */
		B330662428A2578800528BCE /* Frameworks */ = {
			isa = PBXFrameworksBuildPhase;
			buildActionMask = 2147483647;
			files = (
				21A4708DBFE1157FFACD9D22 /* Pods_PartyHub.framework in Frameworks */,
			);
			runOnlyForDeploymentPostprocessing = 0;
		};
/* End PBXFrameworksBuildPhase section */

/* Begin PBXGroup section */
		2C52F2D228AAC5F00007938C /* Routers */ = {
			isa = PBXGroup;
			children = (
				2C52F2DB28AB04A60007938C /* TabBarRouter.swift */,
				2C52F2DE28AB04D20007938C /* DefaultRouter.swift */,
			);
			path = Routers;
			sourceTree = "<group>";
		};
		2C52F2E228AB8E700007938C /* Extensions */ = {
			isa = PBXGroup;
			children = (
				2CCB627A28AD5C3D005586AF /* Extensions.swift */,
				2C52F2E028AB8DF20007938C /* UIApplication+TopViewController.swift */,
			);
			path = Extensions;
			sourceTree = "<group>";
		};
		2CCA56C128A2DF2400934F99 /* Controllers */ = {
			isa = PBXGroup;
			children = (
				2CCB627128AD5BE6005586AF /* MenuVC */,
				2CCB627C28AD5CA4005586AF /* MapVC.swift */,
				E921D60328A8F829001DFB51 /* TabBarVC.swift */,
				E921D60728A8F8A0001DFB51 /* ProfileVC.swift */,
			);
			path = Controllers;
			sourceTree = "<group>";
		};
		2CCA56C228A2DF5800934F99 /* Sources */ = {
			isa = PBXGroup;
			children = (
				2CCA56D928A3D0DB00934F99 /* Generated */,
				B330662A28A2578800528BCE /* AppDelegate.swift */,
			);
			path = Sources;
			sourceTree = "<group>";
		};
		2CCA56C328A2DF7700934F99 /* Other */ = {
			isa = PBXGroup;
			children = (
				2C52F2E228AB8E700007938C /* Extensions */,
				B330663528A2578900528BCE /* LaunchScreen.storyboard */,
				B330663328A2578900528BCE /* Assets.xcassets */,
			);
			path = Other;
			sourceTree = "<group>";
		};
		2CCA56D528A3937A00934F99 /* SupportinFiles */ = {
			isa = PBXGroup;
			children = (
				2CCA56D328A3935000934F99 /* Localizable.strings */,
			);
			path = SupportinFiles;
			sourceTree = "<group>";
		};
		2CCA56D928A3D0DB00934F99 /* Generated */ = {
			isa = PBXGroup;
			children = (
				2CCA56ED28A5482100934F99 /* R.generated.swift */,
			);
			path = Generated;
			sourceTree = "<group>";
		};
		2CCA56DD28A42C6500934F99 /* Coordinators */ = {
			isa = PBXGroup;
			children = (
				2CCA56E028A42EF800934F99 /* Protocols */,
				2C52F2D228AAC5F00007938C /* Routers */,
				2CCA56E928A4451700934F99 /* TabBarCoordinator.swift */,
				2CCA56F028A588A900934F99 /* MenuCoordinator.swift */,
				2CCA56F228A588BA00934F99 /* MapCoordinator.swift */,
				2CCA56F428A588CA00934F99 /* ProfileCoordinator.swift */,
			);
			path = Coordinators;
			sourceTree = "<group>";
		};
		2CCA56E028A42EF800934F99 /* Protocols */ = {
			isa = PBXGroup;
			children = (
				2CCA56E728A443EA00934F99 /* CoordinatorProtocol.swift */,
				2C52F2D928AB047E0007938C /* PresentableProtocol.swift */,
			);
			path = Protocols;
			sourceTree = "<group>";
		};
		2CCB627128AD5BE6005586AF /* MenuVC */ = {
			isa = PBXGroup;
			children = (
				2CCB627328AD5BE6005586AF /* MenuTableViewCell.swift */,
				2CCB627428AD5BE6005586AF /* AddTableViewCell.swift */,
				2CCB627528AD5BE6005586AF /* MenuVC.swift */,
				2CCB627228AD5BE6005586AF /* MenuTableViewAdapter.swift */,
			);
			path = MenuVC;
			sourceTree = "<group>";
		};
		5FD6FFE6107AAAEED0F57977 /* Frameworks */ = {
			isa = PBXGroup;
			children = (
				987809CF8142C2A20619407A /* Pods_PartyHub.framework */,
			);
			name = Frameworks;
			sourceTree = "<group>";
		};
		7C68373E680DE8072465D3B3 /* Pods */ = {
			isa = PBXGroup;
			children = (
				581F7A790F3FD049323D6791 /* Pods-PartyHub.debug.xcconfig */,
				50B326832CFED75469491F5F /* Pods-PartyHub.release.xcconfig */,
			);
			path = Pods;
			sourceTree = "<group>";
		};
		B330661E28A2578800528BCE = {
			isa = PBXGroup;
			children = (
				B330662928A2578800528BCE /* PartyHub */,
				B330662828A2578800528BCE /* Products */,
				7C68373E680DE8072465D3B3 /* Pods */,
				5FD6FFE6107AAAEED0F57977 /* Frameworks */,
			);
			sourceTree = "<group>";
		};
		B330662828A2578800528BCE /* Products */ = {
			isa = PBXGroup;
			children = (
				B330662728A2578800528BCE /* PartyHub.app */,
			);
			name = Products;
			sourceTree = "<group>";
		};
		B330662928A2578800528BCE /* PartyHub */ = {
			isa = PBXGroup;
			children = (
				2CCA56DD28A42C6500934F99 /* Coordinators */,
				2CCA56C128A2DF2400934F99 /* Controllers */,
				2CCA56C328A2DF7700934F99 /* Other */,
				2CCA56C228A2DF5800934F99 /* Sources */,
				2CCA56D528A3937A00934F99 /* SupportinFiles */,
				B330663828A2578900528BCE /* Info.plist */,
			);
			path = PartyHub;
			sourceTree = "<group>";
		};
/* End PBXGroup section */

/* Begin PBXNativeTarget section */
		B330662628A2578800528BCE /* PartyHub */ = {
			isa = PBXNativeTarget;
			buildConfigurationList = B330663B28A2578900528BCE /* Build configuration list for PBXNativeTarget "PartyHub" */;
			buildPhases = (
				DBE3B5AC19D7F116A7F4BEFD /* [CP] Check Pods Manifest.lock */,
				2CCA56DC28A3E87E00934F99 /* SwiftLint */,
				2CCA56D628A3D00E00934F99 /* R.Swift */,
				B330662328A2578800528BCE /* Sources */,
				B330662428A2578800528BCE /* Frameworks */,
				B330662528A2578800528BCE /* Resources */,
				54648ECD61F7C68AAE6BC67A /* [CP] Embed Pods Frameworks */,
			);
			buildRules = (
			);
			dependencies = (
			);
			name = PartyHub;
			productName = PartyHub;
			productReference = B330662728A2578800528BCE /* PartyHub.app */;
			productType = "com.apple.product-type.application";
		};
/* End PBXNativeTarget section */

/* Begin PBXProject section */
		B330661F28A2578800528BCE /* Project object */ = {
			isa = PBXProject;
			attributes = {
				BuildIndependentTargetsInParallel = 1;
				LastSwiftUpdateCheck = 1340;
				LastUpgradeCheck = 1340;
				TargetAttributes = {
					B330662628A2578800528BCE = {
						CreatedOnToolsVersion = 13.4.1;
					};
				};
			};
			buildConfigurationList = B330662228A2578800528BCE /* Build configuration list for PBXProject "PartyHub" */;
			compatibilityVersion = "Xcode 13.0";
			developmentRegion = en;
			hasScannedForEncodings = 0;
			knownRegions = (
				en,
				Base,
			);
			mainGroup = B330661E28A2578800528BCE;
			productRefGroup = B330662828A2578800528BCE /* Products */;
			projectDirPath = "";
			projectRoot = "";
			targets = (
				B330662628A2578800528BCE /* PartyHub */,
			);
		};
/* End PBXProject section */

/* Begin PBXResourcesBuildPhase section */
		B330662528A2578800528BCE /* Resources */ = {
			isa = PBXResourcesBuildPhase;
			buildActionMask = 2147483647;
			files = (
				B330663728A2578900528BCE /* LaunchScreen.storyboard in Resources */,
				2CCA56D428A3935100934F99 /* Localizable.strings in Resources */,
				B330663428A2578900528BCE /* Assets.xcassets in Resources */,
			);
			runOnlyForDeploymentPostprocessing = 0;
		};
/* End PBXResourcesBuildPhase section */

/* Begin PBXShellScriptBuildPhase section */
		2CCA56D628A3D00E00934F99 /* R.Swift */ = {
			isa = PBXShellScriptBuildPhase;
			buildActionMask = 2147483647;
			files = (
			);
			inputFileListPaths = (
			);
			inputPaths = (
			);
			name = R.Swift;
			outputFileListPaths = (
			);
			outputPaths = (
				$SRCROOT/$TARGET_NAME/Sources/Generated/R.generated.swift,
			);
			runOnlyForDeploymentPostprocessing = 0;
			shellPath = /bin/sh;
			shellScript = "\"$PODS_ROOT/R.swift/rswift\" generate \"$SRCROOT/$TARGET_NAME/Sources/Generated/R.generated.swift\"\n";
		};
		2CCA56DC28A3E87E00934F99 /* SwiftLint */ = {
			isa = PBXShellScriptBuildPhase;
			buildActionMask = 2147483647;
			files = (
			);
			inputFileListPaths = (
			);
			inputPaths = (
			);
			name = SwiftLint;
			outputFileListPaths = (
			);
			outputPaths = (
			);
			runOnlyForDeploymentPostprocessing = 0;
			shellPath = /bin/sh;
			shellScript = "\"${PODS_ROOT}/SwiftLint/swiftlint\"\n";
		};
		54648ECD61F7C68AAE6BC67A /* [CP] Embed Pods Frameworks */ = {
			isa = PBXShellScriptBuildPhase;
			buildActionMask = 2147483647;
			files = (
			);
			inputFileListPaths = (
				"${PODS_ROOT}/Target Support Files/Pods-PartyHub/Pods-PartyHub-frameworks-${CONFIGURATION}-input-files.xcfilelist",
			);
			name = "[CP] Embed Pods Frameworks";
			outputFileListPaths = (
				"${PODS_ROOT}/Target Support Files/Pods-PartyHub/Pods-PartyHub-frameworks-${CONFIGURATION}-output-files.xcfilelist",
			);
			runOnlyForDeploymentPostprocessing = 0;
			shellPath = /bin/sh;
			shellScript = "\"${PODS_ROOT}/Target Support Files/Pods-PartyHub/Pods-PartyHub-frameworks.sh\"\n";
			showEnvVarsInLog = 0;
		};
		DBE3B5AC19D7F116A7F4BEFD /* [CP] Check Pods Manifest.lock */ = {
			isa = PBXShellScriptBuildPhase;
			buildActionMask = 2147483647;
			files = (
			);
			inputFileListPaths = (
			);
			inputPaths = (
				"${PODS_PODFILE_DIR_PATH}/Podfile.lock",
				"${PODS_ROOT}/Manifest.lock",
			);
			name = "[CP] Check Pods Manifest.lock";
			outputFileListPaths = (
			);
			outputPaths = (
				"$(DERIVED_FILE_DIR)/Pods-PartyHub-checkManifestLockResult.txt",
			);
			runOnlyForDeploymentPostprocessing = 0;
			shellPath = /bin/sh;
			shellScript = "diff \"${PODS_PODFILE_DIR_PATH}/Podfile.lock\" \"${PODS_ROOT}/Manifest.lock\" > /dev/null\nif [ $? != 0 ] ; then\n    # print error to STDERR\n    echo \"error: The sandbox is not in sync with the Podfile.lock. Run 'pod install' or update your CocoaPods installation.\" >&2\n    exit 1\nfi\n# This output is used by Xcode 'outputs' to avoid re-running this script phase.\necho \"SUCCESS\" > \"${SCRIPT_OUTPUT_FILE_0}\"\n";
			showEnvVarsInLog = 0;
		};
/* End PBXShellScriptBuildPhase section */

/* Begin PBXSourcesBuildPhase section */
		B330662328A2578800528BCE /* Sources */ = {
			isa = PBXSourcesBuildPhase;
			buildActionMask = 2147483647;
			files = (
				2C52F2E128AB8DF20007938C /* UIApplication+TopViewController.swift in Sources */,
				2CCB627B28AD5C3D005586AF /* Extensions.swift in Sources */,
				E921D60828A8F8A0001DFB51 /* ProfileVC.swift in Sources */,
				2CCA56F528A588CA00934F99 /* ProfileCoordinator.swift in Sources */,
				2C52F2DF28AB04D20007938C /* DefaultRouter.swift in Sources */,
				2CCA56F128A588A900934F99 /* MenuCoordinator.swift in Sources */,
				2CCB627928AD5BE6005586AF /* MenuVC.swift in Sources */,
				2CCA56F328A588BA00934F99 /* MapCoordinator.swift in Sources */,
				2C52F2DC28AB04A60007938C /* TabBarRouter.swift in Sources */,
				2CCB627828AD5BE6005586AF /* AddTableViewCell.swift in Sources */,
				2CCB627628AD5BE6005586AF /* MenuTableViewAdapter.swift in Sources */,
				2CCB627D28AD5CA4005586AF /* MapVC.swift in Sources */,
				E921D60428A8F829001DFB51 /* TabBarVC.swift in Sources */,
				2CCB627728AD5BE6005586AF /* MenuTableViewCell.swift in Sources */,
				B330662B28A2578800528BCE /* AppDelegate.swift in Sources */,
				2CCA56EE28A5482100934F99 /* R.generated.swift in Sources */,
				2CCA56EA28A4451700934F99 /* TabBarCoordinator.swift in Sources */,
				2CCA56E828A443EA00934F99 /* CoordinatorProtocol.swift in Sources */,
				2C52F2DA28AB047E0007938C /* PresentableProtocol.swift in Sources */,
			);
			runOnlyForDeploymentPostprocessing = 0;
		};
/* End PBXSourcesBuildPhase section */

/* Begin PBXVariantGroup section */
		B330663528A2578900528BCE /* LaunchScreen.storyboard */ = {
			isa = PBXVariantGroup;
			children = (
				B330663628A2578900528BCE /* Base */,
			);
			name = LaunchScreen.storyboard;
			sourceTree = "<group>";
		};
/* End PBXVariantGroup section */

/* Begin XCBuildConfiguration section */
		B330663928A2578900528BCE /* Debug */ = {
			isa = XCBuildConfiguration;
			buildSettings = {
				ALWAYS_SEARCH_USER_PATHS = NO;
				CLANG_ANALYZER_NONNULL = YES;
				CLANG_ANALYZER_NUMBER_OBJECT_CONVERSION = YES_AGGRESSIVE;
				CLANG_CXX_LANGUAGE_STANDARD = "gnu++17";
				CLANG_ENABLE_MODULES = YES;
				CLANG_ENABLE_OBJC_ARC = YES;
				CLANG_ENABLE_OBJC_WEAK = YES;
				CLANG_WARN_BLOCK_CAPTURE_AUTORELEASING = YES;
				CLANG_WARN_BOOL_CONVERSION = YES;
				CLANG_WARN_COMMA = YES;
				CLANG_WARN_CONSTANT_CONVERSION = YES;
				CLANG_WARN_DEPRECATED_OBJC_IMPLEMENTATIONS = YES;
				CLANG_WARN_DIRECT_OBJC_ISA_USAGE = YES_ERROR;
				CLANG_WARN_DOCUMENTATION_COMMENTS = YES;
				CLANG_WARN_EMPTY_BODY = YES;
				CLANG_WARN_ENUM_CONVERSION = YES;
				CLANG_WARN_INFINITE_RECURSION = YES;
				CLANG_WARN_INT_CONVERSION = YES;
				CLANG_WARN_NON_LITERAL_NULL_CONVERSION = YES;
				CLANG_WARN_OBJC_IMPLICIT_RETAIN_SELF = YES;
				CLANG_WARN_OBJC_LITERAL_CONVERSION = YES;
				CLANG_WARN_OBJC_ROOT_CLASS = YES_ERROR;
				CLANG_WARN_QUOTED_INCLUDE_IN_FRAMEWORK_HEADER = YES;
				CLANG_WARN_RANGE_LOOP_ANALYSIS = YES;
				CLANG_WARN_STRICT_PROTOTYPES = YES;
				CLANG_WARN_SUSPICIOUS_MOVE = YES;
				CLANG_WARN_UNGUARDED_AVAILABILITY = YES_AGGRESSIVE;
				CLANG_WARN_UNREACHABLE_CODE = YES;
				CLANG_WARN__DUPLICATE_METHOD_MATCH = YES;
				COPY_PHASE_STRIP = NO;
				DEBUG_INFORMATION_FORMAT = dwarf;
				ENABLE_STRICT_OBJC_MSGSEND = YES;
				ENABLE_TESTABILITY = YES;
				GCC_C_LANGUAGE_STANDARD = gnu11;
				GCC_DYNAMIC_NO_PIC = NO;
				GCC_NO_COMMON_BLOCKS = YES;
				GCC_OPTIMIZATION_LEVEL = 0;
				GCC_PREPROCESSOR_DEFINITIONS = (
					"DEBUG=1",
					"$(inherited)",
				);
				GCC_WARN_64_TO_32_BIT_CONVERSION = YES;
				GCC_WARN_ABOUT_RETURN_TYPE = YES_ERROR;
				GCC_WARN_UNDECLARED_SELECTOR = YES;
				GCC_WARN_UNINITIALIZED_AUTOS = YES_AGGRESSIVE;
				GCC_WARN_UNUSED_FUNCTION = YES;
				GCC_WARN_UNUSED_VARIABLE = YES;
				IPHONEOS_DEPLOYMENT_TARGET = 14.1;
				MTL_ENABLE_DEBUG_INFO = INCLUDE_SOURCE;
				MTL_FAST_MATH = YES;
				ONLY_ACTIVE_ARCH = YES;
				SDKROOT = iphoneos;
				SWIFT_ACTIVE_COMPILATION_CONDITIONS = DEBUG;
				SWIFT_OPTIMIZATION_LEVEL = "-Onone";
			};
			name = Debug;
		};
		B330663A28A2578900528BCE /* Release */ = {
			isa = XCBuildConfiguration;
			buildSettings = {
				ALWAYS_SEARCH_USER_PATHS = NO;
				CLANG_ANALYZER_NONNULL = YES;
				CLANG_ANALYZER_NUMBER_OBJECT_CONVERSION = YES_AGGRESSIVE;
				CLANG_CXX_LANGUAGE_STANDARD = "gnu++17";
				CLANG_ENABLE_MODULES = YES;
				CLANG_ENABLE_OBJC_ARC = YES;
				CLANG_ENABLE_OBJC_WEAK = YES;
				CLANG_WARN_BLOCK_CAPTURE_AUTORELEASING = YES;
				CLANG_WARN_BOOL_CONVERSION = YES;
				CLANG_WARN_COMMA = YES;
				CLANG_WARN_CONSTANT_CONVERSION = YES;
				CLANG_WARN_DEPRECATED_OBJC_IMPLEMENTATIONS = YES;
				CLANG_WARN_DIRECT_OBJC_ISA_USAGE = YES_ERROR;
				CLANG_WARN_DOCUMENTATION_COMMENTS = YES;
				CLANG_WARN_EMPTY_BODY = YES;
				CLANG_WARN_ENUM_CONVERSION = YES;
				CLANG_WARN_INFINITE_RECURSION = YES;
				CLANG_WARN_INT_CONVERSION = YES;
				CLANG_WARN_NON_LITERAL_NULL_CONVERSION = YES;
				CLANG_WARN_OBJC_IMPLICIT_RETAIN_SELF = YES;
				CLANG_WARN_OBJC_LITERAL_CONVERSION = YES;
				CLANG_WARN_OBJC_ROOT_CLASS = YES_ERROR;
				CLANG_WARN_QUOTED_INCLUDE_IN_FRAMEWORK_HEADER = YES;
				CLANG_WARN_RANGE_LOOP_ANALYSIS = YES;
				CLANG_WARN_STRICT_PROTOTYPES = YES;
				CLANG_WARN_SUSPICIOUS_MOVE = YES;
				CLANG_WARN_UNGUARDED_AVAILABILITY = YES_AGGRESSIVE;
				CLANG_WARN_UNREACHABLE_CODE = YES;
				CLANG_WARN__DUPLICATE_METHOD_MATCH = YES;
				COPY_PHASE_STRIP = NO;
				DEBUG_INFORMATION_FORMAT = "dwarf-with-dsym";
				ENABLE_NS_ASSERTIONS = NO;
				ENABLE_STRICT_OBJC_MSGSEND = YES;
				GCC_C_LANGUAGE_STANDARD = gnu11;
				GCC_NO_COMMON_BLOCKS = YES;
				GCC_WARN_64_TO_32_BIT_CONVERSION = YES;
				GCC_WARN_ABOUT_RETURN_TYPE = YES_ERROR;
				GCC_WARN_UNDECLARED_SELECTOR = YES;
				GCC_WARN_UNINITIALIZED_AUTOS = YES_AGGRESSIVE;
				GCC_WARN_UNUSED_FUNCTION = YES;
				GCC_WARN_UNUSED_VARIABLE = YES;
				IPHONEOS_DEPLOYMENT_TARGET = 14.1;
				MTL_ENABLE_DEBUG_INFO = NO;
				MTL_FAST_MATH = YES;
				SDKROOT = iphoneos;
				SWIFT_COMPILATION_MODE = wholemodule;
				SWIFT_OPTIMIZATION_LEVEL = "-O";
				VALIDATE_PRODUCT = YES;
			};
			name = Release;
		};
		B330663C28A2578900528BCE /* Debug */ = {
			isa = XCBuildConfiguration;
			baseConfigurationReference = 581F7A790F3FD049323D6791 /* Pods-PartyHub.debug.xcconfig */;
			buildSettings = {
				ASSETCATALOG_COMPILER_APPICON_NAME = AppIcon;
				ASSETCATALOG_COMPILER_GLOBAL_ACCENT_COLOR_NAME = AccentColor;
				CODE_SIGN_STYLE = Automatic;
				CURRENT_PROJECT_VERSION = 1;
				DEVELOPMENT_TEAM = Q9ZS8V8CB6;
				GENERATE_INFOPLIST_FILE = YES;
				INFOPLIST_FILE = PartyHub/Info.plist;
				INFOPLIST_KEY_UIApplicationSupportsIndirectInputEvents = YES;
				INFOPLIST_KEY_UILaunchStoryboardName = LaunchScreen;
				INFOPLIST_KEY_UISupportedInterfaceOrientations = "";
				INFOPLIST_KEY_UISupportedInterfaceOrientations_iPad = "UIInterfaceOrientationPortrait UIInterfaceOrientationPortraitUpsideDown UIInterfaceOrientationLandscapeLeft UIInterfaceOrientationLandscapeRight";
				INFOPLIST_KEY_UISupportedInterfaceOrientations_iPhone = "UIInterfaceOrientationPortrait UIInterfaceOrientationLandscapeLeft UIInterfaceOrientationLandscapeRight";
				IPHONEOS_DEPLOYMENT_TARGET = 13.0;
				LD_RUNPATH_SEARCH_PATHS = (
					"$(inherited)",
					"@executable_path/Frameworks",
				);
				MARKETING_VERSION = 1.0;
				PRODUCT_BUNDLE_IDENTIFIER = "-14.PartyHub";
				PRODUCT_NAME = "$(TARGET_NAME)";
				SWIFT_EMIT_LOC_STRINGS = YES;
				SWIFT_VERSION = 5.0;
				TARGETED_DEVICE_FAMILY = 1;
			};
			name = Debug;
		};
		B330663D28A2578900528BCE /* Release */ = {
			isa = XCBuildConfiguration;
			baseConfigurationReference = 50B326832CFED75469491F5F /* Pods-PartyHub.release.xcconfig */;
			buildSettings = {
				ASSETCATALOG_COMPILER_APPICON_NAME = AppIcon;
				ASSETCATALOG_COMPILER_GLOBAL_ACCENT_COLOR_NAME = AccentColor;
				CODE_SIGN_STYLE = Automatic;
				CURRENT_PROJECT_VERSION = 1;
				DEVELOPMENT_TEAM = Q9ZS8V8CB6;
				GENERATE_INFOPLIST_FILE = YES;
				INFOPLIST_FILE = PartyHub/Info.plist;
				INFOPLIST_KEY_UIApplicationSupportsIndirectInputEvents = YES;
				INFOPLIST_KEY_UILaunchStoryboardName = LaunchScreen;
				INFOPLIST_KEY_UISupportedInterfaceOrientations = "";
				INFOPLIST_KEY_UISupportedInterfaceOrientations_iPad = "UIInterfaceOrientationPortrait UIInterfaceOrientationPortraitUpsideDown UIInterfaceOrientationLandscapeLeft UIInterfaceOrientationLandscapeRight";
				INFOPLIST_KEY_UISupportedInterfaceOrientations_iPhone = "UIInterfaceOrientationPortrait UIInterfaceOrientationLandscapeLeft UIInterfaceOrientationLandscapeRight";
				IPHONEOS_DEPLOYMENT_TARGET = 13.0;
				LD_RUNPATH_SEARCH_PATHS = (
					"$(inherited)",
					"@executable_path/Frameworks",
				);
				MARKETING_VERSION = 1.0;
				PRODUCT_BUNDLE_IDENTIFIER = "-14.PartyHub";
				PRODUCT_NAME = "$(TARGET_NAME)";
				SWIFT_EMIT_LOC_STRINGS = YES;
				SWIFT_VERSION = 5.0;
				TARGETED_DEVICE_FAMILY = 1;
			};
			name = Release;
		};
/* End XCBuildConfiguration section */

/* Begin XCConfigurationList section */
		B330662228A2578800528BCE /* Build configuration list for PBXProject "PartyHub" */ = {
			isa = XCConfigurationList;
			buildConfigurations = (
				B330663928A2578900528BCE /* Debug */,
				B330663A28A2578900528BCE /* Release */,
			);
			defaultConfigurationIsVisible = 0;
			defaultConfigurationName = Release;
		};
		B330663B28A2578900528BCE /* Build configuration list for PBXNativeTarget "PartyHub" */ = {
			isa = XCConfigurationList;
			buildConfigurations = (
				B330663C28A2578900528BCE /* Debug */,
				B330663D28A2578900528BCE /* Release */,
			);
			defaultConfigurationIsVisible = 0;
			defaultConfigurationName = Release;
		};
/* End XCConfigurationList section */
	};
	rootObject = B330661F28A2578800528BCE /* Project object */;
}
