// !$*UTF8*$!
{
	archiveVersion = 1;
	classes = {
	};
	objectVersion = 55;
	objects = {

/* Begin PBXBuildFile section */
		2C19D2A328B31A8C00F799B7 /* AddNewEventCoordinator.swift in Sources */ = {isa = PBXBuildFile; fileRef = 2C19D2A228B31A8C00F799B7 /* AddNewEventCoordinator.swift */; };
		2C30710328B1502200BB6C60 /* GoogleService-Info.plist in Resources */ = {isa = PBXBuildFile; fileRef = 2C30710228B1502200BB6C60 /* GoogleService-Info.plist */; };
		2C30710C28B2145A00BB6C60 /* EventVC.swift in Sources */ = {isa = PBXBuildFile; fileRef = 2C30710B28B2145A00BB6C60 /* EventVC.swift */; };
		2C30710F28B2185B00BB6C60 /* LoginView.swift in Sources */ = {isa = PBXBuildFile; fileRef = 2C30710D28B2185B00BB6C60 /* LoginView.swift */; };
		2C30711028B2185B00BB6C60 /* LoginVC.swift in Sources */ = {isa = PBXBuildFile; fileRef = 2C30710E28B2185B00BB6C60 /* LoginVC.swift */; };
		2C30712528B22B9400BB6C60 /* NetworkManager.swift in Sources */ = {isa = PBXBuildFile; fileRef = 2C30712428B22B9300BB6C60 /* NetworkManager.swift */; };
		2C30712728B22BE600BB6C60 /* String+EncodeURL+Strip.swift in Sources */ = {isa = PBXBuildFile; fileRef = 2C30712628B22BE600BB6C60 /* String+EncodeURL+Strip.swift */; };
		2C30712928B22C0500BB6C60 /* CLLocation.swift in Sources */ = {isa = PBXBuildFile; fileRef = 2C30712828B22C0500BB6C60 /* CLLocation.swift */; };
		2C30712D28B22D5900BB6C60 /* UIImage+resizeImage.swift in Sources */ = {isa = PBXBuildFile; fileRef = 2C30712C28B22D5900BB6C60 /* UIImage+resizeImage.swift */; };
		2C30712F28B22EBB00BB6C60 /* CurLocationButton.swift in Sources */ = {isa = PBXBuildFile; fileRef = 2C30712E28B22EBB00BB6C60 /* CurLocationButton.swift */; };
		2C52F2DA28AB047E0007938C /* PresentableProtocol.swift in Sources */ = {isa = PBXBuildFile; fileRef = 2C52F2D928AB047E0007938C /* PresentableProtocol.swift */; };
		2C52F2DC28AB04A60007938C /* TabBarRouter.swift in Sources */ = {isa = PBXBuildFile; fileRef = 2C52F2DB28AB04A60007938C /* TabBarRouter.swift */; };
		2C52F2DF28AB04D20007938C /* DefaultRouter.swift in Sources */ = {isa = PBXBuildFile; fileRef = 2C52F2DE28AB04D20007938C /* DefaultRouter.swift */; };
		2C52F2E128AB8DF20007938C /* UIApplication+TopViewController.swift in Sources */ = {isa = PBXBuildFile; fileRef = 2C52F2E028AB8DF20007938C /* UIApplication+TopViewController.swift */; };
		2C6E102828AE8B3A006FDE82 /* String+Validation.swift in Sources */ = {isa = PBXBuildFile; fileRef = 2C6E102728AE8B3A006FDE82 /* String+Validation.swift */; };
		2C6E102B28AE8D98006FDE82 /* AuthRegCoordinator.swift in Sources */ = {isa = PBXBuildFile; fileRef = 2C6E102A28AE8D98006FDE82 /* AuthRegCoordinator.swift */; };
		2C6E103128AE98BA006FDE82 /* UIView+InvalidAnimation.swift in Sources */ = {isa = PBXBuildFile; fileRef = 2C6E103028AE98BA006FDE82 /* UIView+InvalidAnimation.swift */; };
		2C6E103428AEF4A8006FDE82 /* UIView+AddBlur.swift in Sources */ = {isa = PBXBuildFile; fileRef = 2C6E103328AEF4A8006FDE82 /* UIView+AddBlur.swift */; };
		2C6E103B28AFB4D5006FDE82 /* AuthManager.swift in Sources */ = {isa = PBXBuildFile; fileRef = 2C6E103A28AFB4D5006FDE82 /* AuthManager.swift */; };
		2C81638F28AE77EA00D9D564 /* FeedbackGenerator.swift in Sources */ = {isa = PBXBuildFile; fileRef = 2C81638E28AE77EA00D9D564 /* FeedbackGenerator.swift */; };
		2C81639828AE796800D9D564 /* RegistrationView.swift in Sources */ = {isa = PBXBuildFile; fileRef = 2C81639528AE796800D9D564 /* RegistrationView.swift */; };
		2C81639A28AE796800D9D564 /* CustomTextField.swift in Sources */ = {isa = PBXBuildFile; fileRef = 2C81639728AE796800D9D564 /* CustomTextField.swift */; };
		2C81639D28AE7EF100D9D564 /* RegistrationVC.swift in Sources */ = {isa = PBXBuildFile; fileRef = 2C81639C28AE7EF100D9D564 /* RegistrationVC.swift */; };
		2C8163A128AE8A3800D9D564 /* UIColor+HexString.swift in Sources */ = {isa = PBXBuildFile; fileRef = 2C81639E28AE8A3800D9D564 /* UIColor+HexString.swift */; };
		2C8163A228AE8A3800D9D564 /* UIView+DropShadow.swift in Sources */ = {isa = PBXBuildFile; fileRef = 2C81639F28AE8A3800D9D564 /* UIView+DropShadow.swift */; };
		2C8163A328AE8A3800D9D564 /* UIVIew+Frame.swift in Sources */ = {isa = PBXBuildFile; fileRef = 2C8163A028AE8A3800D9D564 /* UIVIew+Frame.swift */; };
		2CCA56D428A3935100934F99 /* Localizable.strings in Resources */ = {isa = PBXBuildFile; fileRef = 2CCA56D328A3935000934F99 /* Localizable.strings */; };
		2CCA56E828A443EA00934F99 /* CoordinatorProtocol.swift in Sources */ = {isa = PBXBuildFile; fileRef = 2CCA56E728A443EA00934F99 /* CoordinatorProtocol.swift */; };
		2CCA56EA28A4451700934F99 /* TabBarCoordinator.swift in Sources */ = {isa = PBXBuildFile; fileRef = 2CCA56E928A4451700934F99 /* TabBarCoordinator.swift */; };
		2CCA56F128A588A900934F99 /* MenuCoordinator.swift in Sources */ = {isa = PBXBuildFile; fileRef = 2CCA56F028A588A900934F99 /* MenuCoordinator.swift */; };
		2CCA56F328A588BA00934F99 /* MapCoordinator.swift in Sources */ = {isa = PBXBuildFile; fileRef = 2CCA56F228A588BA00934F99 /* MapCoordinator.swift */; };
		2CCA56F528A588CA00934F99 /* ProfileCoordinator.swift in Sources */ = {isa = PBXBuildFile; fileRef = 2CCA56F428A588CA00934F99 /* ProfileCoordinator.swift */; };
		2CCB627628AD5BE6005586AF /* MenuTableViewAdapter.swift in Sources */ = {isa = PBXBuildFile; fileRef = 2CCB627228AD5BE6005586AF /* MenuTableViewAdapter.swift */; };
		2CCB627728AD5BE6005586AF /* MenuTableViewCell.swift in Sources */ = {isa = PBXBuildFile; fileRef = 2CCB627328AD5BE6005586AF /* MenuTableViewCell.swift */; };
		2CCB627828AD5BE6005586AF /* AddTableViewCell.swift in Sources */ = {isa = PBXBuildFile; fileRef = 2CCB627428AD5BE6005586AF /* AddTableViewCell.swift */; };
		2CCB627928AD5BE6005586AF /* MenuVC.swift in Sources */ = {isa = PBXBuildFile; fileRef = 2CCB627528AD5BE6005586AF /* MenuVC.swift */; };
		2CCB627D28AD5CA4005586AF /* MapVC.swift in Sources */ = {isa = PBXBuildFile; fileRef = 2CCB627C28AD5CA4005586AF /* MapVC.swift */; };
		B3178CDC28B2562E00D72091 /* EventManager.swift in Sources */ = {isa = PBXBuildFile; fileRef = B3178CDB28B2562E00D72091 /* EventManager.swift */; };
		B3178CDE28B2564200D72091 /* ImageManager.swift in Sources */ = {isa = PBXBuildFile; fileRef = B3178CDD28B2564200D72091 /* ImageManager.swift */; };
		B3178CE028B256FE00D72091 /* ImagePicker.swift in Sources */ = {isa = PBXBuildFile; fileRef = B3178CDF28B256FE00D72091 /* ImagePicker.swift */; };
		B3178CE228B2571500D72091 /* AddEventVC.swift in Sources */ = {isa = PBXBuildFile; fileRef = B3178CE128B2571500D72091 /* AddEventVC.swift */; };
		B3178CE428B2574E00D72091 /* EventImageView.swift in Sources */ = {isa = PBXBuildFile; fileRef = B3178CE328B2574E00D72091 /* EventImageView.swift */; };
		B3178CE628B2577700D72091 /* MapToChooseVC.swift in Sources */ = {isa = PBXBuildFile; fileRef = B3178CE528B2577700D72091 /* MapToChooseVC.swift */; };
		B330662B28A2578800528BCE /* AppDelegate.swift in Sources */ = {isa = PBXBuildFile; fileRef = B330662A28A2578800528BCE /* AppDelegate.swift */; };
		B330663428A2578900528BCE /* Assets.xcassets in Resources */ = {isa = PBXBuildFile; fileRef = B330663328A2578900528BCE /* Assets.xcassets */; };
		B330663728A2578900528BCE /* LaunchScreen.storyboard in Resources */ = {isa = PBXBuildFile; fileRef = B330663528A2578900528BCE /* LaunchScreen.storyboard */; };
		B3F62C1B28B2D8320081E0FC /* ProfileTableViewAdapter.swift in Sources */ = {isa = PBXBuildFile; fileRef = B3F62C1A28B2D8320081E0FC /* ProfileTableViewAdapter.swift */; };
		B3F62C1D28B2D83C0081E0FC /* ProfileToggleView.swift in Sources */ = {isa = PBXBuildFile; fileRef = B3F62C1C28B2D83C0081E0FC /* ProfileToggleView.swift */; };
		B3F62C1F28B2D8450081E0FC /* FavoriteEventsVC.swift in Sources */ = {isa = PBXBuildFile; fileRef = B3F62C1E28B2D8450081E0FC /* FavoriteEventsVC.swift */; };
		B3F62C2128B2D84E0081E0FC /* CreatedEventsVC.swift in Sources */ = {isa = PBXBuildFile; fileRef = B3F62C2028B2D84E0081E0FC /* CreatedEventsVC.swift */; };
		E921D60828A8F8A0001DFB51 /* ProfileVC.swift in Sources */ = {isa = PBXBuildFile; fileRef = E921D60728A8F8A0001DFB51 /* ProfileVC.swift */; };
/* End PBXBuildFile section */

/* Begin PBXFileReference section */
		2C19D2A228B31A8C00F799B7 /* AddNewEventCoordinator.swift */ = {isa = PBXFileReference; fileEncoding = 4; lastKnownFileType = sourcecode.swift; path = AddNewEventCoordinator.swift; sourceTree = "<group>"; };
		2C30710228B1502200BB6C60 /* GoogleService-Info.plist */ = {isa = PBXFileReference; fileEncoding = 4; lastKnownFileType = text.plist.xml; path = "GoogleService-Info.plist"; sourceTree = "<group>"; };
		2C30710B28B2145A00BB6C60 /* EventVC.swift */ = {isa = PBXFileReference; fileEncoding = 4; lastKnownFileType = sourcecode.swift; path = EventVC.swift; sourceTree = "<group>"; };
		2C30710D28B2185B00BB6C60 /* LoginView.swift */ = {isa = PBXFileReference; fileEncoding = 4; lastKnownFileType = sourcecode.swift; path = LoginView.swift; sourceTree = "<group>"; };
		2C30710E28B2185B00BB6C60 /* LoginVC.swift */ = {isa = PBXFileReference; fileEncoding = 4; lastKnownFileType = sourcecode.swift; path = LoginVC.swift; sourceTree = "<group>"; };
		2C30712428B22B9300BB6C60 /* NetworkManager.swift */ = {isa = PBXFileReference; fileEncoding = 4; lastKnownFileType = sourcecode.swift; path = NetworkManager.swift; sourceTree = "<group>"; };
		2C30712628B22BE600BB6C60 /* String+EncodeURL+Strip.swift */ = {isa = PBXFileReference; lastKnownFileType = sourcecode.swift; path = "String+EncodeURL+Strip.swift"; sourceTree = "<group>"; };
		2C30712828B22C0500BB6C60 /* CLLocation.swift */ = {isa = PBXFileReference; lastKnownFileType = sourcecode.swift; path = CLLocation.swift; sourceTree = "<group>"; };
		2C30712C28B22D5900BB6C60 /* UIImage+resizeImage.swift */ = {isa = PBXFileReference; fileEncoding = 4; lastKnownFileType = sourcecode.swift; path = "UIImage+resizeImage.swift"; sourceTree = "<group>"; };
		2C30712E28B22EBB00BB6C60 /* CurLocationButton.swift */ = {isa = PBXFileReference; lastKnownFileType = sourcecode.swift; path = CurLocationButton.swift; sourceTree = "<group>"; };
		2C52F2D928AB047E0007938C /* PresentableProtocol.swift */ = {isa = PBXFileReference; lastKnownFileType = sourcecode.swift; path = PresentableProtocol.swift; sourceTree = "<group>"; };
		2C52F2DB28AB04A60007938C /* TabBarRouter.swift */ = {isa = PBXFileReference; lastKnownFileType = sourcecode.swift; path = TabBarRouter.swift; sourceTree = "<group>"; };
		2C52F2DE28AB04D20007938C /* DefaultRouter.swift */ = {isa = PBXFileReference; lastKnownFileType = sourcecode.swift; path = DefaultRouter.swift; sourceTree = "<group>"; };
		2C52F2E028AB8DF20007938C /* UIApplication+TopViewController.swift */ = {isa = PBXFileReference; lastKnownFileType = sourcecode.swift; path = "UIApplication+TopViewController.swift"; sourceTree = "<group>"; };
		2C6E102728AE8B3A006FDE82 /* String+Validation.swift */ = {isa = PBXFileReference; lastKnownFileType = sourcecode.swift; path = "String+Validation.swift"; sourceTree = "<group>"; };
		2C6E102A28AE8D98006FDE82 /* AuthRegCoordinator.swift */ = {isa = PBXFileReference; lastKnownFileType = sourcecode.swift; path = AuthRegCoordinator.swift; sourceTree = "<group>"; };
		2C6E103028AE98BA006FDE82 /* UIView+InvalidAnimation.swift */ = {isa = PBXFileReference; lastKnownFileType = sourcecode.swift; path = "UIView+InvalidAnimation.swift"; sourceTree = "<group>"; };
		2C6E103328AEF4A8006FDE82 /* UIView+AddBlur.swift */ = {isa = PBXFileReference; lastKnownFileType = sourcecode.swift; path = "UIView+AddBlur.swift"; sourceTree = "<group>"; };
		2C6E103A28AFB4D5006FDE82 /* AuthManager.swift */ = {isa = PBXFileReference; lastKnownFileType = sourcecode.swift; path = AuthManager.swift; sourceTree = "<group>"; };
		2C81638E28AE77EA00D9D564 /* FeedbackGenerator.swift */ = {isa = PBXFileReference; fileEncoding = 4; lastKnownFileType = sourcecode.swift; path = FeedbackGenerator.swift; sourceTree = "<group>"; };
		2C81639528AE796800D9D564 /* RegistrationView.swift */ = {isa = PBXFileReference; fileEncoding = 4; lastKnownFileType = sourcecode.swift; path = RegistrationView.swift; sourceTree = "<group>"; };
		2C81639728AE796800D9D564 /* CustomTextField.swift */ = {isa = PBXFileReference; fileEncoding = 4; lastKnownFileType = sourcecode.swift; path = CustomTextField.swift; sourceTree = "<group>"; };
		2C81639C28AE7EF100D9D564 /* RegistrationVC.swift */ = {isa = PBXFileReference; fileEncoding = 4; lastKnownFileType = sourcecode.swift; path = RegistrationVC.swift; sourceTree = "<group>"; };
		2C81639E28AE8A3800D9D564 /* UIColor+HexString.swift */ = {isa = PBXFileReference; fileEncoding = 4; lastKnownFileType = sourcecode.swift; path = "UIColor+HexString.swift"; sourceTree = "<group>"; };
		2C81639F28AE8A3800D9D564 /* UIView+DropShadow.swift */ = {isa = PBXFileReference; fileEncoding = 4; lastKnownFileType = sourcecode.swift; path = "UIView+DropShadow.swift"; sourceTree = "<group>"; };
		2C8163A028AE8A3800D9D564 /* UIVIew+Frame.swift */ = {isa = PBXFileReference; fileEncoding = 4; lastKnownFileType = sourcecode.swift; path = "UIVIew+Frame.swift"; sourceTree = "<group>"; };
		2CCA56D328A3935000934F99 /* Localizable.strings */ = {isa = PBXFileReference; lastKnownFileType = text.plist.strings; path = Localizable.strings; sourceTree = "<group>"; };
		2CCA56E728A443EA00934F99 /* CoordinatorProtocol.swift */ = {isa = PBXFileReference; lastKnownFileType = sourcecode.swift; path = CoordinatorProtocol.swift; sourceTree = "<group>"; };
		2CCA56E928A4451700934F99 /* TabBarCoordinator.swift */ = {isa = PBXFileReference; lastKnownFileType = sourcecode.swift; path = TabBarCoordinator.swift; sourceTree = "<group>"; };
		2CCA56F028A588A900934F99 /* MenuCoordinator.swift */ = {isa = PBXFileReference; lastKnownFileType = sourcecode.swift; path = MenuCoordinator.swift; sourceTree = "<group>"; };
		2CCA56F228A588BA00934F99 /* MapCoordinator.swift */ = {isa = PBXFileReference; lastKnownFileType = sourcecode.swift; path = MapCoordinator.swift; sourceTree = "<group>"; };
		2CCA56F428A588CA00934F99 /* ProfileCoordinator.swift */ = {isa = PBXFileReference; lastKnownFileType = sourcecode.swift; path = ProfileCoordinator.swift; sourceTree = "<group>"; };
		2CCB627228AD5BE6005586AF /* MenuTableViewAdapter.swift */ = {isa = PBXFileReference; fileEncoding = 4; lastKnownFileType = sourcecode.swift; path = MenuTableViewAdapter.swift; sourceTree = "<group>"; };
		2CCB627328AD5BE6005586AF /* MenuTableViewCell.swift */ = {isa = PBXFileReference; fileEncoding = 4; lastKnownFileType = sourcecode.swift; path = MenuTableViewCell.swift; sourceTree = "<group>"; };
		2CCB627428AD5BE6005586AF /* AddTableViewCell.swift */ = {isa = PBXFileReference; fileEncoding = 4; lastKnownFileType = sourcecode.swift; path = AddTableViewCell.swift; sourceTree = "<group>"; };
		2CCB627528AD5BE6005586AF /* MenuVC.swift */ = {isa = PBXFileReference; fileEncoding = 4; lastKnownFileType = sourcecode.swift; path = MenuVC.swift; sourceTree = "<group>"; };
		2CCB627C28AD5CA4005586AF /* MapVC.swift */ = {isa = PBXFileReference; fileEncoding = 4; lastKnownFileType = sourcecode.swift; path = MapVC.swift; sourceTree = "<group>"; };
		B3178CDB28B2562E00D72091 /* EventManager.swift */ = {isa = PBXFileReference; lastKnownFileType = sourcecode.swift; path = EventManager.swift; sourceTree = "<group>"; };
		B3178CDD28B2564200D72091 /* ImageManager.swift */ = {isa = PBXFileReference; lastKnownFileType = sourcecode.swift; path = ImageManager.swift; sourceTree = "<group>"; };
		B3178CDF28B256FE00D72091 /* ImagePicker.swift */ = {isa = PBXFileReference; lastKnownFileType = sourcecode.swift; path = ImagePicker.swift; sourceTree = "<group>"; };
		B3178CE128B2571500D72091 /* AddEventVC.swift */ = {isa = PBXFileReference; lastKnownFileType = sourcecode.swift; path = AddEventVC.swift; sourceTree = "<group>"; };
		B3178CE328B2574E00D72091 /* EventImageView.swift */ = {isa = PBXFileReference; lastKnownFileType = sourcecode.swift; path = EventImageView.swift; sourceTree = "<group>"; };
		B3178CE528B2577700D72091 /* MapToChooseVC.swift */ = {isa = PBXFileReference; lastKnownFileType = sourcecode.swift; path = MapToChooseVC.swift; sourceTree = "<group>"; };
		B330662728A2578800528BCE /* PartyHub.app */ = {isa = PBXFileReference; explicitFileType = wrapper.application; includeInIndex = 0; path = PartyHub.app; sourceTree = BUILT_PRODUCTS_DIR; };
		B330662A28A2578800528BCE /* AppDelegate.swift */ = {isa = PBXFileReference; lastKnownFileType = sourcecode.swift; path = AppDelegate.swift; sourceTree = "<group>"; };
		B330663328A2578900528BCE /* Assets.xcassets */ = {isa = PBXFileReference; lastKnownFileType = folder.assetcatalog; path = Assets.xcassets; sourceTree = "<group>"; };
		B330663628A2578900528BCE /* Base */ = {isa = PBXFileReference; lastKnownFileType = file.storyboard; name = Base; path = Base.lproj/LaunchScreen.storyboard; sourceTree = "<group>"; };
		B330663828A2578900528BCE /* Info.plist */ = {isa = PBXFileReference; lastKnownFileType = text.plist.xml; path = Info.plist; sourceTree = "<group>"; };
		B3F62C1A28B2D8320081E0FC /* ProfileTableViewAdapter.swift */ = {isa = PBXFileReference; lastKnownFileType = sourcecode.swift; path = ProfileTableViewAdapter.swift; sourceTree = "<group>"; };
		B3F62C1C28B2D83C0081E0FC /* ProfileToggleView.swift */ = {isa = PBXFileReference; lastKnownFileType = sourcecode.swift; path = ProfileToggleView.swift; sourceTree = "<group>"; };
		B3F62C1E28B2D8450081E0FC /* FavoriteEventsVC.swift */ = {isa = PBXFileReference; lastKnownFileType = sourcecode.swift; path = FavoriteEventsVC.swift; sourceTree = "<group>"; };
		B3F62C2028B2D84E0081E0FC /* CreatedEventsVC.swift */ = {isa = PBXFileReference; lastKnownFileType = sourcecode.swift; path = CreatedEventsVC.swift; sourceTree = "<group>"; };
		E921D60728A8F8A0001DFB51 /* ProfileVC.swift */ = {isa = PBXFileReference; lastKnownFileType = sourcecode.swift; path = ProfileVC.swift; sourceTree = "<group>"; };
/* End PBXFileReference section */

/* Begin PBXFrameworksBuildPhase section */
		B330662428A2578800528BCE /* Frameworks */ = {
			isa = PBXFrameworksBuildPhase;
			buildActionMask = 2147483647;
			files = (
			);
			runOnlyForDeploymentPostprocessing = 0;
		};
/* End PBXFrameworksBuildPhase section */

/* Begin PBXGroup section */
		2C30710928B2144400BB6C60 /* LoginVC */ = {
			isa = PBXGroup;
			children = (
				2C30710E28B2185B00BB6C60 /* LoginVC.swift */,
				2C30710D28B2185B00BB6C60 /* LoginView.swift */,
			);
			path = LoginVC;
			sourceTree = "<group>";
		};
		2C30710A28B2145A00BB6C60 /* EventVC */ = {
			isa = PBXGroup;
			children = (
				2C30710B28B2145A00BB6C60 /* EventVC.swift */,
			);
			path = EventVC;
			sourceTree = "<group>";
		};
		2C52F2D228AAC5F00007938C /* Routers */ = {
			isa = PBXGroup;
			children = (
				2C52F2DB28AB04A60007938C /* TabBarRouter.swift */,
				2C52F2DE28AB04D20007938C /* DefaultRouter.swift */,
			);
			path = Routers;
			sourceTree = "<group>";
		};
		2C52F2E228AB8E700007938C /* Extensions */ = {
			isa = PBXGroup;
			children = (
				2C30712C28B22D5900BB6C60 /* UIImage+resizeImage.swift */,
				2C81639E28AE8A3800D9D564 /* UIColor+HexString.swift */,
				2C81639F28AE8A3800D9D564 /* UIView+DropShadow.swift */,
				2C8163A028AE8A3800D9D564 /* UIVIew+Frame.swift */,
				2C52F2E028AB8DF20007938C /* UIApplication+TopViewController.swift */,
				2C6E102728AE8B3A006FDE82 /* String+Validation.swift */,
				2C6E103028AE98BA006FDE82 /* UIView+InvalidAnimation.swift */,
				2C6E103328AEF4A8006FDE82 /* UIView+AddBlur.swift */,
				2C30712628B22BE600BB6C60 /* String+EncodeURL+Strip.swift */,
				2C30712828B22C0500BB6C60 /* CLLocation.swift */,
			);
			path = Extensions;
			sourceTree = "<group>";
		};
		2C6E103728AFA861006FDE82 /* ProfileVC */ = {
			isa = PBXGroup;
			children = (
				E921D60728A8F8A0001DFB51 /* ProfileVC.swift */,
				B3F62C1A28B2D8320081E0FC /* ProfileTableViewAdapter.swift */,
				B3F62C1C28B2D83C0081E0FC /* ProfileToggleView.swift */,
				B3F62C1E28B2D8450081E0FC /* FavoriteEventsVC.swift */,
				B3F62C2028B2D84E0081E0FC /* CreatedEventsVC.swift */,
			);
			path = ProfileVC;
			sourceTree = "<group>";
		};
		2C6E103C28AFFEA7006FDE82 /* MapVC */ = {
			isa = PBXGroup;
			children = (
				2CCB627C28AD5CA4005586AF /* MapVC.swift */,
				2C30712E28B22EBB00BB6C60 /* CurLocationButton.swift */,
			);
			path = MapVC;
			sourceTree = "<group>";
		};
		2C81638D28AE77EA00D9D564 /* Managers */ = {
			isa = PBXGroup;
			children = (
				2C30712428B22B9300BB6C60 /* NetworkManager.swift */,
				2C81638E28AE77EA00D9D564 /* FeedbackGenerator.swift */,
				2C6E103A28AFB4D5006FDE82 /* AuthManager.swift */,
				B3178CDB28B2562E00D72091 /* EventManager.swift */,
				B3178CDD28B2564200D72091 /* ImageManager.swift */,
			);
			path = Managers;
			sourceTree = "<group>";
		};
		2C81639B28AE7EC900D9D564 /* RegistrationVC */ = {
			isa = PBXGroup;
			children = (
				2C81639C28AE7EF100D9D564 /* RegistrationVC.swift */,
				2C81639528AE796800D9D564 /* RegistrationView.swift */,
				2C81639728AE796800D9D564 /* CustomTextField.swift */,
			);
			path = RegistrationVC;
			sourceTree = "<group>";
		};
		2CCA56C128A2DF2400934F99 /* Modules */ = {
			isa = PBXGroup;
			children = (
				2C30710A28B2145A00BB6C60 /* EventVC */,
				2C30710928B2144400BB6C60 /* LoginVC */,
				2CCB627128AD5BE6005586AF /* MenuVC */,
				2C81639B28AE7EC900D9D564 /* RegistrationVC */,
				2C6E103728AFA861006FDE82 /* ProfileVC */,
				2C6E103C28AFFEA7006FDE82 /* MapVC */,
			);
			path = Modules;
			sourceTree = "<group>";
		};
		2CCA56C228A2DF5800934F99 /* Sources */ = {
			isa = PBXGroup;
			children = (
				B330662A28A2578800528BCE /* AppDelegate.swift */,
			);
			path = Sources;
			sourceTree = "<group>";
		};
		2CCA56C328A2DF7700934F99 /* Other */ = {
			isa = PBXGroup;
			children = (
				2C52F2E228AB8E700007938C /* Extensions */,
				B330663528A2578900528BCE /* LaunchScreen.storyboard */,
				B330663328A2578900528BCE /* Assets.xcassets */,
			);
			path = Other;
			sourceTree = "<group>";
		};
		2CCA56D528A3937A00934F99 /* SupportinFiles */ = {
			isa = PBXGroup;
			children = (
				2CCA56D328A3935000934F99 /* Localizable.strings */,
			);
			path = SupportinFiles;
			sourceTree = "<group>";
		};
		2CCA56DD28A42C6500934F99 /* Coordinators */ = {
			isa = PBXGroup;
			children = (
				2CCA56E028A42EF800934F99 /* Protocols */,
				2C52F2D228AAC5F00007938C /* Routers */,
				2CCA56E928A4451700934F99 /* TabBarCoordinator.swift */,
				2CCA56F028A588A900934F99 /* MenuCoordinator.swift */,
				2CCA56F228A588BA00934F99 /* MapCoordinator.swift */,
				2CCA56F428A588CA00934F99 /* ProfileCoordinator.swift */,
				2C6E102A28AE8D98006FDE82 /* AuthRegCoordinator.swift */,
				2C19D2A228B31A8C00F799B7 /* AddNewEventCoordinator.swift */,
			);
			path = Coordinators;
			sourceTree = "<group>";
		};
		2CCA56E028A42EF800934F99 /* Protocols */ = {
			isa = PBXGroup;
			children = (
				2CCA56E728A443EA00934F99 /* CoordinatorProtocol.swift */,
				2C52F2D928AB047E0007938C /* PresentableProtocol.swift */,
			);
			path = Protocols;
			sourceTree = "<group>";
		};
		2CCB627128AD5BE6005586AF /* MenuVC */ = {
			isa = PBXGroup;
			children = (
				2CCB627328AD5BE6005586AF /* MenuTableViewCell.swift */,
				2CCB627428AD5BE6005586AF /* AddTableViewCell.swift */,
				2CCB627528AD5BE6005586AF /* MenuVC.swift */,
				2CCB627228AD5BE6005586AF /* MenuTableViewAdapter.swift */,
				B3178CDF28B256FE00D72091 /* ImagePicker.swift */,
				B3178CE128B2571500D72091 /* AddEventVC.swift */,
				B3178CE328B2574E00D72091 /* EventImageView.swift */,
				B3178CE528B2577700D72091 /* MapToChooseVC.swift */,
			);
			path = MenuVC;
			sourceTree = "<group>";
		};
		7C68373E680DE8072465D3B3 /* Pods */ = {
			isa = PBXGroup;
			children = (
			);
			path = Pods;
			sourceTree = "<group>";
		};
		B330661E28A2578800528BCE = {
			isa = PBXGroup;
			children = (
				B330662928A2578800528BCE /* PartyHub */,
				B330662828A2578800528BCE /* Products */,
				7C68373E680DE8072465D3B3 /* Pods */,
			);
			sourceTree = "<group>";
		};
		B330662828A2578800528BCE /* Products */ = {
			isa = PBXGroup;
			children = (
				B330662728A2578800528BCE /* PartyHub.app */,
			);
			name = Products;
			sourceTree = "<group>";
		};
		B330662928A2578800528BCE /* PartyHub */ = {
			isa = PBXGroup;
			children = (
				2C81638D28AE77EA00D9D564 /* Managers */,
				2CCA56DD28A42C6500934F99 /* Coordinators */,
				2CCA56C128A2DF2400934F99 /* Modules */,
				2CCA56C328A2DF7700934F99 /* Other */,
				2CCA56C228A2DF5800934F99 /* Sources */,
				2CCA56D528A3937A00934F99 /* SupportinFiles */,
				B330663828A2578900528BCE /* Info.plist */,
				2C30710228B1502200BB6C60 /* GoogleService-Info.plist */,
			);
			path = PartyHub;
			sourceTree = "<group>";
		};
/* End PBXGroup section */

/* Begin PBXNativeTarget section */
		B330662628A2578800528BCE /* PartyHub */ = {
			isa = PBXNativeTarget;
			buildConfigurationList = B330663B28A2578900528BCE /* Build configuration list for PBXNativeTarget "PartyHub" */;
			buildPhases = (
				2CCA56DC28A3E87E00934F99 /* SwiftLint */,
				B330662328A2578800528BCE /* Sources */,
				B330662428A2578800528BCE /* Frameworks */,
				B330662528A2578800528BCE /* Resources */,
			);
			buildRules = (
			);
			dependencies = (
			);
			name = PartyHub;
			productName = PartyHub;
			productReference = B330662728A2578800528BCE /* PartyHub.app */;
			productType = "com.apple.product-type.application";
		};
/* End PBXNativeTarget section */

/* Begin PBXProject section */
		B330661F28A2578800528BCE /* Project object */ = {
			isa = PBXProject;
			attributes = {
				BuildIndependentTargetsInParallel = 1;
				LastSwiftUpdateCheck = 1340;
				LastUpgradeCheck = 1340;
				TargetAttributes = {
					B330662628A2578800528BCE = {
						CreatedOnToolsVersion = 13.4.1;
					};
				};
			};
			buildConfigurationList = B330662228A2578800528BCE /* Build configuration list for PBXProject "PartyHub" */;
			compatibilityVersion = "Xcode 13.0";
			developmentRegion = en;
			hasScannedForEncodings = 0;
			knownRegions = (
				en,
				Base,
			);
			mainGroup = B330661E28A2578800528BCE;
			productRefGroup = B330662828A2578800528BCE /* Products */;
			projectDirPath = "";
			projectRoot = "";
			targets = (
				B330662628A2578800528BCE /* PartyHub */,
			);
		};
/* End PBXProject section */

/* Begin PBXResourcesBuildPhase section */
		B330662528A2578800528BCE /* Resources */ = {
			isa = PBXResourcesBuildPhase;
			buildActionMask = 2147483647;
			files = (
				B330663728A2578900528BCE /* LaunchScreen.storyboard in Resources */,
				2CCA56D428A3935100934F99 /* Localizable.strings in Resources */,
				2C30710328B1502200BB6C60 /* GoogleService-Info.plist in Resources */,
				B330663428A2578900528BCE /* Assets.xcassets in Resources */,
			);
			runOnlyForDeploymentPostprocessing = 0;
		};
/* End PBXResourcesBuildPhase section */

/* Begin PBXShellScriptBuildPhase section */
		2CCA56DC28A3E87E00934F99 /* SwiftLint */ = {
			isa = PBXShellScriptBuildPhase;
			buildActionMask = 2147483647;
			files = (
			);
			inputFileListPaths = (
			);
			inputPaths = (
			);
			name = SwiftLint;
			outputFileListPaths = (
			);
			outputPaths = (
			);
			runOnlyForDeploymentPostprocessing = 0;
			shellPath = /bin/sh;
			shellScript = "\"${PODS_ROOT}/SwiftLint/swiftlint\"\n";
		};
/* End PBXShellScriptBuildPhase section */

/* Begin PBXSourcesBuildPhase section */
		B330662328A2578800528BCE /* Sources */ = {
			isa = PBXSourcesBuildPhase;
			buildActionMask = 2147483647;
			files = (
				2C52F2E128AB8DF20007938C /* UIApplication+TopViewController.swift in Sources */,
				2C6E103428AEF4A8006FDE82 /* UIView+AddBlur.swift in Sources */,
				B3F62C1D28B2D83C0081E0FC /* ProfileToggleView.swift in Sources */,
				B3178CE628B2577700D72091 /* MapToChooseVC.swift in Sources */,
				2C81639828AE796800D9D564 /* RegistrationView.swift in Sources */,
				2C81638F28AE77EA00D9D564 /* FeedbackGenerator.swift in Sources */,
				B3F62C1B28B2D8320081E0FC /* ProfileTableViewAdapter.swift in Sources */,
				E921D60828A8F8A0001DFB51 /* ProfileVC.swift in Sources */,
				2C30712D28B22D5900BB6C60 /* UIImage+resizeImage.swift in Sources */,
				2C30712F28B22EBB00BB6C60 /* CurLocationButton.swift in Sources */,
				2CCA56F528A588CA00934F99 /* ProfileCoordinator.swift in Sources */,
				2C19D2A328B31A8C00F799B7 /* AddNewEventCoordinator.swift in Sources */,
				2C6E102B28AE8D98006FDE82 /* AuthRegCoordinator.swift in Sources */,
				2C52F2DF28AB04D20007938C /* DefaultRouter.swift in Sources */,
				2C81639A28AE796800D9D564 /* CustomTextField.swift in Sources */,
				2CCA56F128A588A900934F99 /* MenuCoordinator.swift in Sources */,
				B3178CDE28B2564200D72091 /* ImageManager.swift in Sources */,
				2C6E103B28AFB4D5006FDE82 /* AuthManager.swift in Sources */,
				B3178CDC28B2562E00D72091 /* EventManager.swift in Sources */,
				2C30712928B22C0500BB6C60 /* CLLocation.swift in Sources */,
				2C30712728B22BE600BB6C60 /* String+EncodeURL+Strip.swift in Sources */,
				2CCB627928AD5BE6005586AF /* MenuVC.swift in Sources */,
				2CCA56F328A588BA00934F99 /* MapCoordinator.swift in Sources */,
				B3178CE228B2571500D72091 /* AddEventVC.swift in Sources */,
				2C81639D28AE7EF100D9D564 /* RegistrationVC.swift in Sources */,
				2C6E103128AE98BA006FDE82 /* UIView+InvalidAnimation.swift in Sources */,
				2C8163A128AE8A3800D9D564 /* UIColor+HexString.swift in Sources */,
				2C8163A228AE8A3800D9D564 /* UIView+DropShadow.swift in Sources */,
				2C52F2DC28AB04A60007938C /* TabBarRouter.swift in Sources */,
				2CCB627828AD5BE6005586AF /* AddTableViewCell.swift in Sources */,
				B3178CE428B2574E00D72091 /* EventImageView.swift in Sources */,
				2CCB627628AD5BE6005586AF /* MenuTableViewAdapter.swift in Sources */,
				2C30712528B22B9400BB6C60 /* NetworkManager.swift in Sources */,
				2CCB627D28AD5CA4005586AF /* MapVC.swift in Sources */,
				2CCB627728AD5BE6005586AF /* MenuTableViewCell.swift in Sources */,
				2C30710F28B2185B00BB6C60 /* LoginView.swift in Sources */,
				B330662B28A2578800528BCE /* AppDelegate.swift in Sources */,
				B3F62C2128B2D84E0081E0FC /* CreatedEventsVC.swift in Sources */,
				2C8163A328AE8A3800D9D564 /* UIVIew+Frame.swift in Sources */,
				2C30711028B2185B00BB6C60 /* LoginVC.swift in Sources */,
				2CCA56EA28A4451700934F99 /* TabBarCoordinator.swift in Sources */,
				2CCA56E828A443EA00934F99 /* CoordinatorProtocol.swift in Sources */,
				2C30710C28B2145A00BB6C60 /* EventVC.swift in Sources */,
				B3178CE028B256FE00D72091 /* ImagePicker.swift in Sources */,
				2C52F2DA28AB047E0007938C /* PresentableProtocol.swift in Sources */,
				2C6E102828AE8B3A006FDE82 /* String+Validation.swift in Sources */,
				B3F62C1F28B2D8450081E0FC /* FavoriteEventsVC.swift in Sources */,
			);
			runOnlyForDeploymentPostprocessing = 0;
		};
/* End PBXSourcesBuildPhase section */

/* Begin PBXVariantGroup section */
		B330663528A2578900528BCE /* LaunchScreen.storyboard */ = {
			isa = PBXVariantGroup;
			children = (
				B330663628A2578900528BCE /* Base */,
			);
			name = LaunchScreen.storyboard;
			sourceTree = "<group>";
		};
/* End PBXVariantGroup section */

/* Begin XCBuildConfiguration section */
		B330663928A2578900528BCE /* Debug */ = {
			isa = XCBuildConfiguration;
			buildSettings = {
				ALWAYS_SEARCH_USER_PATHS = NO;
				CLANG_ANALYZER_NONNULL = YES;
				CLANG_ANALYZER_NUMBER_OBJECT_CONVERSION = YES_AGGRESSIVE;
				CLANG_CXX_LANGUAGE_STANDARD = "gnu++17";
				CLANG_ENABLE_MODULES = YES;
				CLANG_ENABLE_OBJC_ARC = YES;
				CLANG_ENABLE_OBJC_WEAK = YES;
				CLANG_WARN_BLOCK_CAPTURE_AUTORELEASING = YES;
				CLANG_WARN_BOOL_CONVERSION = YES;
				CLANG_WARN_COMMA = YES;
				CLANG_WARN_CONSTANT_CONVERSION = YES;
				CLANG_WARN_DEPRECATED_OBJC_IMPLEMENTATIONS = YES;
				CLANG_WARN_DIRECT_OBJC_ISA_USAGE = YES_ERROR;
				CLANG_WARN_DOCUMENTATION_COMMENTS = YES;
				CLANG_WARN_EMPTY_BODY = YES;
				CLANG_WARN_ENUM_CONVERSION = YES;
				CLANG_WARN_INFINITE_RECURSION = YES;
				CLANG_WARN_INT_CONVERSION = YES;
				CLANG_WARN_NON_LITERAL_NULL_CONVERSION = YES;
				CLANG_WARN_OBJC_IMPLICIT_RETAIN_SELF = YES;
				CLANG_WARN_OBJC_LITERAL_CONVERSION = YES;
				CLANG_WARN_OBJC_ROOT_CLASS = YES_ERROR;
				CLANG_WARN_QUOTED_INCLUDE_IN_FRAMEWORK_HEADER = YES;
				CLANG_WARN_RANGE_LOOP_ANALYSIS = YES;
				CLANG_WARN_STRICT_PROTOTYPES = YES;
				CLANG_WARN_SUSPICIOUS_MOVE = YES;
				CLANG_WARN_UNGUARDED_AVAILABILITY = YES_AGGRESSIVE;
				CLANG_WARN_UNREACHABLE_CODE = YES;
				CLANG_WARN__DUPLICATE_METHOD_MATCH = YES;
				COPY_PHASE_STRIP = NO;
				DEBUG_INFORMATION_FORMAT = dwarf;
				ENABLE_STRICT_OBJC_MSGSEND = YES;
				ENABLE_TESTABILITY = YES;
				GCC_C_LANGUAGE_STANDARD = gnu11;
				GCC_DYNAMIC_NO_PIC = NO;
				GCC_NO_COMMON_BLOCKS = YES;
				GCC_OPTIMIZATION_LEVEL = 0;
				GCC_PREPROCESSOR_DEFINITIONS = (
					"DEBUG=1",
					"$(inherited)",
				);
				GCC_WARN_64_TO_32_BIT_CONVERSION = YES;
				GCC_WARN_ABOUT_RETURN_TYPE = YES_ERROR;
				GCC_WARN_UNDECLARED_SELECTOR = YES;
				GCC_WARN_UNINITIALIZED_AUTOS = YES_AGGRESSIVE;
				GCC_WARN_UNUSED_FUNCTION = YES;
				GCC_WARN_UNUSED_VARIABLE = YES;
				IPHONEOS_DEPLOYMENT_TARGET = 13.4;
				MTL_ENABLE_DEBUG_INFO = INCLUDE_SOURCE;
				MTL_FAST_MATH = YES;
				ONLY_ACTIVE_ARCH = YES;
				SDKROOT = iphoneos;
				SWIFT_ACTIVE_COMPILATION_CONDITIONS = DEBUG;
				SWIFT_OPTIMIZATION_LEVEL = "-Onone";
			};
			name = Debug;
		};
		B330663A28A2578900528BCE /* Release */ = {
			isa = XCBuildConfiguration;
			buildSettings = {
				ALWAYS_SEARCH_USER_PATHS = NO;
				CLANG_ANALYZER_NONNULL = YES;
				CLANG_ANALYZER_NUMBER_OBJECT_CONVERSION = YES_AGGRESSIVE;
				CLANG_CXX_LANGUAGE_STANDARD = "gnu++17";
				CLANG_ENABLE_MODULES = YES;
				CLANG_ENABLE_OBJC_ARC = YES;
				CLANG_ENABLE_OBJC_WEAK = YES;
				CLANG_WARN_BLOCK_CAPTURE_AUTORELEASING = YES;
				CLANG_WARN_BOOL_CONVERSION = YES;
				CLANG_WARN_COMMA = YES;
				CLANG_WARN_CONSTANT_CONVERSION = YES;
				CLANG_WARN_DEPRECATED_OBJC_IMPLEMENTATIONS = YES;
				CLANG_WARN_DIRECT_OBJC_ISA_USAGE = YES_ERROR;
				CLANG_WARN_DOCUMENTATION_COMMENTS = YES;
				CLANG_WARN_EMPTY_BODY = YES;
				CLANG_WARN_ENUM_CONVERSION = YES;
				CLANG_WARN_INFINITE_RECURSION = YES;
				CLANG_WARN_INT_CONVERSION = YES;
				CLANG_WARN_NON_LITERAL_NULL_CONVERSION = YES;
				CLANG_WARN_OBJC_IMPLICIT_RETAIN_SELF = YES;
				CLANG_WARN_OBJC_LITERAL_CONVERSION = YES;
				CLANG_WARN_OBJC_ROOT_CLASS = YES_ERROR;
				CLANG_WARN_QUOTED_INCLUDE_IN_FRAMEWORK_HEADER = YES;
				CLANG_WARN_RANGE_LOOP_ANALYSIS = YES;
				CLANG_WARN_STRICT_PROTOTYPES = YES;
				CLANG_WARN_SUSPICIOUS_MOVE = YES;
				CLANG_WARN_UNGUARDED_AVAILABILITY = YES_AGGRESSIVE;
				CLANG_WARN_UNREACHABLE_CODE = YES;
				CLANG_WARN__DUPLICATE_METHOD_MATCH = YES;
				COPY_PHASE_STRIP = NO;
				DEBUG_INFORMATION_FORMAT = "dwarf-with-dsym";
				ENABLE_NS_ASSERTIONS = NO;
				ENABLE_STRICT_OBJC_MSGSEND = YES;
				GCC_C_LANGUAGE_STANDARD = gnu11;
				GCC_NO_COMMON_BLOCKS = YES;
				GCC_WARN_64_TO_32_BIT_CONVERSION = YES;
				GCC_WARN_ABOUT_RETURN_TYPE = YES_ERROR;
				GCC_WARN_UNDECLARED_SELECTOR = YES;
				GCC_WARN_UNINITIALIZED_AUTOS = YES_AGGRESSIVE;
				GCC_WARN_UNUSED_FUNCTION = YES;
				GCC_WARN_UNUSED_VARIABLE = YES;
				IPHONEOS_DEPLOYMENT_TARGET = 13.4;
				MTL_ENABLE_DEBUG_INFO = NO;
				MTL_FAST_MATH = YES;
				SDKROOT = iphoneos;
				SWIFT_COMPILATION_MODE = wholemodule;
				SWIFT_OPTIMIZATION_LEVEL = "-O";
				VALIDATE_PRODUCT = YES;
			};
			name = Release;
		};
		B330663C28A2578900528BCE /* Debug */ = {
			isa = XCBuildConfiguration;
			buildSettings = {
				ASSETCATALOG_COMPILER_APPICON_NAME = AppIcon;
				ASSETCATALOG_COMPILER_GLOBAL_ACCENT_COLOR_NAME = AccentColor;
				CODE_SIGN_STYLE = Automatic;
				CURRENT_PROJECT_VERSION = 1;
				DEVELOPMENT_TEAM = 69S65245DU;
				GENERATE_INFOPLIST_FILE = YES;
				INFOPLIST_FILE = PartyHub/Info.plist;
				INFOPLIST_KEY_UIApplicationSupportsIndirectInputEvents = YES;
				INFOPLIST_KEY_UILaunchStoryboardName = LaunchScreen;
				INFOPLIST_KEY_UISupportedInterfaceOrientations = "";
				INFOPLIST_KEY_UISupportedInterfaceOrientations_iPad = "UIInterfaceOrientationPortrait UIInterfaceOrientationPortraitUpsideDown UIInterfaceOrientationLandscapeLeft UIInterfaceOrientationLandscapeRight";
				INFOPLIST_KEY_UISupportedInterfaceOrientations_iPhone = "UIInterfaceOrientationPortrait UIInterfaceOrientationLandscapeLeft UIInterfaceOrientationLandscapeRight";
				IPHONEOS_DEPLOYMENT_TARGET = 13.4;
				LD_RUNPATH_SEARCH_PATHS = (
					"$(inherited)",
					"@executable_path/Frameworks",
				);
				MARKETING_VERSION = 1.0;
				PRODUCT_BUNDLE_IDENTIFIER = "-14.PartyHub";
				PRODUCT_NAME = "$(TARGET_NAME)";
				SWIFT_EMIT_LOC_STRINGS = YES;
				SWIFT_VERSION = 5.0;
				TARGETED_DEVICE_FAMILY = 1;
			};
			name = Debug;
		};
		B330663D28A2578900528BCE /* Release */ = {
			isa = XCBuildConfiguration;
			buildSettings = {
				ASSETCATALOG_COMPILER_APPICON_NAME = AppIcon;
				ASSETCATALOG_COMPILER_GLOBAL_ACCENT_COLOR_NAME = AccentColor;
				CODE_SIGN_STYLE = Automatic;
				CURRENT_PROJECT_VERSION = 1;
				DEVELOPMENT_TEAM = 69S65245DU;
				GENERATE_INFOPLIST_FILE = YES;
				INFOPLIST_FILE = PartyHub/Info.plist;
				INFOPLIST_KEY_UIApplicationSupportsIndirectInputEvents = YES;
				INFOPLIST_KEY_UILaunchStoryboardName = LaunchScreen;
				INFOPLIST_KEY_UISupportedInterfaceOrientations = "";
				INFOPLIST_KEY_UISupportedInterfaceOrientations_iPad = "UIInterfaceOrientationPortrait UIInterfaceOrientationPortraitUpsideDown UIInterfaceOrientationLandscapeLeft UIInterfaceOrientationLandscapeRight";
				INFOPLIST_KEY_UISupportedInterfaceOrientations_iPhone = "UIInterfaceOrientationPortrait UIInterfaceOrientationLandscapeLeft UIInterfaceOrientationLandscapeRight";
				IPHONEOS_DEPLOYMENT_TARGET = 13.4;
				LD_RUNPATH_SEARCH_PATHS = (
					"$(inherited)",
					"@executable_path/Frameworks",
				);
				MARKETING_VERSION = 1.0;
				PRODUCT_BUNDLE_IDENTIFIER = "-14.PartyHub";
				PRODUCT_NAME = "$(TARGET_NAME)";
				SWIFT_EMIT_LOC_STRINGS = YES;
				SWIFT_VERSION = 5.0;
				TARGETED_DEVICE_FAMILY = 1;
			};
			name = Release;
		};
/* End XCBuildConfiguration section */

/* Begin XCConfigurationList section */
		B330662228A2578800528BCE /* Build configuration list for PBXProject "PartyHub" */ = {
			isa = XCConfigurationList;
			buildConfigurations = (
				B330663928A2578900528BCE /* Debug */,
				B330663A28A2578900528BCE /* Release */,
			);
			defaultConfigurationIsVisible = 0;
			defaultConfigurationName = Release;
		};
		B330663B28A2578900528BCE /* Build configuration list for PBXNativeTarget "PartyHub" */ = {
			isa = XCConfigurationList;
			buildConfigurations = (
				B330663C28A2578900528BCE /* Debug */,
				B330663D28A2578900528BCE /* Release */,
			);
			defaultConfigurationIsVisible = 0;
			defaultConfigurationName = Release;
		};
/* End XCConfigurationList section */
	};
	rootObject = B330661F28A2578800528BCE /* Project object */;
}
