// !$*UTF8*$!
{
	archiveVersion = 1;
	classes = {
	};
	objectVersion = 55;
	objects = {

/* Begin PBXBuildFile section */
		2C52F2DA28AB047E0007938C /* PresentableProtocol.swift in Sources */ = {isa = PBXBuildFile; fileRef = 2C52F2D928AB047E0007938C /* PresentableProtocol.swift */; };
		2C52F2DC28AB04A60007938C /* TabBarRouter.swift in Sources */ = {isa = PBXBuildFile; fileRef = 2C52F2DB28AB04A60007938C /* TabBarRouter.swift */; };
		2C52F2DF28AB04D20007938C /* DefaultRouter.swift in Sources */ = {isa = PBXBuildFile; fileRef = 2C52F2DE28AB04D20007938C /* DefaultRouter.swift */; };
		2C52F2E128AB8DF20007938C /* UIApplication+TopViewController.swift in Sources */ = {isa = PBXBuildFile; fileRef = 2C52F2E028AB8DF20007938C /* UIApplication+TopViewController.swift */; };
		2C69BD7C28B0219D00370C2B /* NetworkManager.swift in Sources */ = {isa = PBXBuildFile; fileRef = 2C69BD7B28B0219C00370C2B /* NetworkManager.swift */; };
		2C69BD7E28B021FF00370C2B /* String+EncodeURL+Strip.swift in Sources */ = {isa = PBXBuildFile; fileRef = 2C69BD7D28B021FF00370C2B /* String+EncodeURL+Strip.swift */; };
		2C69BD8028B0223400370C2B /* UIImage+ResizeImage.swift in Sources */ = {isa = PBXBuildFile; fileRef = 2C69BD7F28B0223400370C2B /* UIImage+ResizeImage.swift */; };
		2C69BD8328B0241A00370C2B /* MapToChooseVC.swift in Sources */ = {isa = PBXBuildFile; fileRef = 2C69BD8228B0241A00370C2B /* MapToChooseVC.swift */; };
		2C69BD8528B024BD00370C2B /* CLLocation.swift in Sources */ = {isa = PBXBuildFile; fileRef = 2C69BD8428B024BD00370C2B /* CLLocation.swift */; };
		2C69BD8728B051D300370C2B /* MapModel.swift in Sources */ = {isa = PBXBuildFile; fileRef = 2C69BD8628B051D300370C2B /* MapModel.swift */; };
		2C69BD8928B0559E00370C2B /* CurLocationButton.swift in Sources */ = {isa = PBXBuildFile; fileRef = 2C69BD8828B0559E00370C2B /* CurLocationButton.swift */; };
		2C69BD8B28B055E900370C2B /* EventImageView.swift in Sources */ = {isa = PBXBuildFile; fileRef = 2C69BD8A28B055E900370C2B /* EventImageView.swift */; };
		2C69BD8E28B0564100370C2B /* EventVC.swift in Sources */ = {isa = PBXBuildFile; fileRef = 2C69BD8D28B0564100370C2B /* EventVC.swift */; };
		2C6E102828AE8B3A006FDE82 /* String+Validation.swift in Sources */ = {isa = PBXBuildFile; fileRef = 2C6E102728AE8B3A006FDE82 /* String+Validation.swift */; };
		2C6E102B28AE8D98006FDE82 /* AuthRegCoordinator.swift in Sources */ = {isa = PBXBuildFile; fileRef = 2C6E102A28AE8D98006FDE82 /* AuthRegCoordinator.swift */; };
		2C6E102D28AE8E43006FDE82 /* LoginVC.swift in Sources */ = {isa = PBXBuildFile; fileRef = 2C6E102C28AE8E43006FDE82 /* LoginVC.swift */; };
		2C6E103128AE98BA006FDE82 /* UIView+InvalidAnimation.swift in Sources */ = {isa = PBXBuildFile; fileRef = 2C6E103028AE98BA006FDE82 /* UIView+InvalidAnimation.swift */; };
		2C6E103428AEF4A8006FDE82 /* UIView+AddBlur.swift in Sources */ = {isa = PBXBuildFile; fileRef = 2C6E103328AEF4A8006FDE82 /* UIView+AddBlur.swift */; };
		2C6E103B28AFB4D5006FDE82 /* AuthManager.swift in Sources */ = {isa = PBXBuildFile; fileRef = 2C6E103A28AFB4D5006FDE82 /* AuthManager.swift */; };
		2C6E103E28B00E9E006FDE82 /* GoogleService-Info.plist in Resources */ = {isa = PBXBuildFile; fileRef = 2C6E103D28B00E9E006FDE82 /* GoogleService-Info.plist */; };
		2C6E104028B01CDF006FDE82 /* AddEventVC.swift in Sources */ = {isa = PBXBuildFile; fileRef = 2C6E103F28B01CDF006FDE82 /* AddEventVC.swift */; };
		2C6E104428B01EAB006FDE82 /* ImagePicker.swift in Sources */ = {isa = PBXBuildFile; fileRef = 2C6E104328B01EAA006FDE82 /* ImagePicker.swift */; };
		2C6E104628B01F10006FDE82 /* EventManager.swift in Sources */ = {isa = PBXBuildFile; fileRef = 2C6E104528B01F10006FDE82 /* EventManager.swift */; };
		2C6E104828B01F28006FDE82 /* ImageManager.swift in Sources */ = {isa = PBXBuildFile; fileRef = 2C6E104728B01F28006FDE82 /* ImageManager.swift */; };
		2C81638F28AE77EA00D9D564 /* FeedbackGenerator.swift in Sources */ = {isa = PBXBuildFile; fileRef = 2C81638E28AE77EA00D9D564 /* FeedbackGenerator.swift */; };
		2C81639828AE796800D9D564 /* RegistrationView.swift in Sources */ = {isa = PBXBuildFile; fileRef = 2C81639528AE796800D9D564 /* RegistrationView.swift */; };
		2C81639928AE796800D9D564 /* LoginView.swift in Sources */ = {isa = PBXBuildFile; fileRef = 2C81639628AE796800D9D564 /* LoginView.swift */; };
		2C81639A28AE796800D9D564 /* CustomTextField.swift in Sources */ = {isa = PBXBuildFile; fileRef = 2C81639728AE796800D9D564 /* CustomTextField.swift */; };
		2C81639D28AE7EF100D9D564 /* RegistrationVC.swift in Sources */ = {isa = PBXBuildFile; fileRef = 2C81639C28AE7EF100D9D564 /* RegistrationVC.swift */; };
		2C8163A128AE8A3800D9D564 /* UIColor+HexString.swift in Sources */ = {isa = PBXBuildFile; fileRef = 2C81639E28AE8A3800D9D564 /* UIColor+HexString.swift */; };
		2C8163A228AE8A3800D9D564 /* UIView+DropShadow.swift in Sources */ = {isa = PBXBuildFile; fileRef = 2C81639F28AE8A3800D9D564 /* UIView+DropShadow.swift */; };
		2C8163A328AE8A3800D9D564 /* UIVIew+Frame.swift in Sources */ = {isa = PBXBuildFile; fileRef = 2C8163A028AE8A3800D9D564 /* UIVIew+Frame.swift */; };
		2CCA56D428A3935100934F99 /* Localizable.strings in Resources */ = {isa = PBXBuildFile; fileRef = 2CCA56D328A3935000934F99 /* Localizable.strings */; };
		2CCA56E828A443EA00934F99 /* CoordinatorProtocol.swift in Sources */ = {isa = PBXBuildFile; fileRef = 2CCA56E728A443EA00934F99 /* CoordinatorProtocol.swift */; };
		2CCA56EA28A4451700934F99 /* TabBarCoordinator.swift in Sources */ = {isa = PBXBuildFile; fileRef = 2CCA56E928A4451700934F99 /* TabBarCoordinator.swift */; };
		2CCA56F128A588A900934F99 /* MenuCoordinator.swift in Sources */ = {isa = PBXBuildFile; fileRef = 2CCA56F028A588A900934F99 /* MenuCoordinator.swift */; };
		2CCA56F328A588BA00934F99 /* MapCoordinator.swift in Sources */ = {isa = PBXBuildFile; fileRef = 2CCA56F228A588BA00934F99 /* MapCoordinator.swift */; };
		2CCA56F528A588CA00934F99 /* ProfileCoordinator.swift in Sources */ = {isa = PBXBuildFile; fileRef = 2CCA56F428A588CA00934F99 /* ProfileCoordinator.swift */; };
		2CCB627628AD5BE6005586AF /* MenuTableViewAdapter.swift in Sources */ = {isa = PBXBuildFile; fileRef = 2CCB627228AD5BE6005586AF /* MenuTableViewAdapter.swift */; };
		2CCB627728AD5BE6005586AF /* MenuTableViewCell.swift in Sources */ = {isa = PBXBuildFile; fileRef = 2CCB627328AD5BE6005586AF /* MenuTableViewCell.swift */; };
		2CCB627828AD5BE6005586AF /* AddTableViewCell.swift in Sources */ = {isa = PBXBuildFile; fileRef = 2CCB627428AD5BE6005586AF /* AddTableViewCell.swift */; };
		2CCB627928AD5BE6005586AF /* MenuVC.swift in Sources */ = {isa = PBXBuildFile; fileRef = 2CCB627528AD5BE6005586AF /* MenuVC.swift */; };
		2CCB627D28AD5CA4005586AF /* MapVC.swift in Sources */ = {isa = PBXBuildFile; fileRef = 2CCB627C28AD5CA4005586AF /* MapVC.swift */; };
		B330662B28A2578800528BCE /* AppDelegate.swift in Sources */ = {isa = PBXBuildFile; fileRef = B330662A28A2578800528BCE /* AppDelegate.swift */; };
		B330663428A2578900528BCE /* Assets.xcassets in Resources */ = {isa = PBXBuildFile; fileRef = B330663328A2578900528BCE /* Assets.xcassets */; };
		B330663728A2578900528BCE /* LaunchScreen.storyboard in Resources */ = {isa = PBXBuildFile; fileRef = B330663528A2578900528BCE /* LaunchScreen.storyboard */; };
		E921D60828A8F8A0001DFB51 /* ProfileVC.swift in Sources */ = {isa = PBXBuildFile; fileRef = E921D60728A8F8A0001DFB51 /* ProfileVC.swift */; };
/* End PBXBuildFile section */

/* Begin PBXFileReference section */
		2C52F2D928AB047E0007938C /* PresentableProtocol.swift */ = {isa = PBXFileReference; lastKnownFileType = sourcecode.swift; path = PresentableProtocol.swift; sourceTree = "<group>"; };
		2C52F2DB28AB04A60007938C /* TabBarRouter.swift */ = {isa = PBXFileReference; lastKnownFileType = sourcecode.swift; path = TabBarRouter.swift; sourceTree = "<group>"; };
		2C52F2DE28AB04D20007938C /* DefaultRouter.swift */ = {isa = PBXFileReference; lastKnownFileType = sourcecode.swift; path = DefaultRouter.swift; sourceTree = "<group>"; };
		2C52F2E028AB8DF20007938C /* UIApplication+TopViewController.swift */ = {isa = PBXFileReference; lastKnownFileType = sourcecode.swift; path = "UIApplication+TopViewController.swift"; sourceTree = "<group>"; };
		2C69BD7B28B0219C00370C2B /* NetworkManager.swift */ = {isa = PBXFileReference; lastKnownFileType = sourcecode.swift; path = NetworkManager.swift; sourceTree = "<group>"; };
		2C69BD7D28B021FF00370C2B /* String+EncodeURL+Strip.swift */ = {isa = PBXFileReference; lastKnownFileType = sourcecode.swift; path = "String+EncodeURL+Strip.swift"; sourceTree = "<group>"; };
		2C69BD7F28B0223400370C2B /* UIImage+ResizeImage.swift */ = {isa = PBXFileReference; lastKnownFileType = sourcecode.swift; path = "UIImage+ResizeImage.swift"; sourceTree = "<group>"; };
		2C69BD8228B0241A00370C2B /* MapToChooseVC.swift */ = {isa = PBXFileReference; lastKnownFileType = sourcecode.swift; path = MapToChooseVC.swift; sourceTree = "<group>"; };
		2C69BD8428B024BD00370C2B /* CLLocation.swift */ = {isa = PBXFileReference; lastKnownFileType = sourcecode.swift; path = CLLocation.swift; sourceTree = "<group>"; };
		2C69BD8628B051D300370C2B /* MapModel.swift */ = {isa = PBXFileReference; lastKnownFileType = sourcecode.swift; path = MapModel.swift; sourceTree = "<group>"; };
		2C69BD8828B0559E00370C2B /* CurLocationButton.swift */ = {isa = PBXFileReference; lastKnownFileType = sourcecode.swift; path = CurLocationButton.swift; sourceTree = "<group>"; };
		2C69BD8A28B055E900370C2B /* EventImageView.swift */ = {isa = PBXFileReference; lastKnownFileType = sourcecode.swift; path = EventImageView.swift; sourceTree = "<group>"; };
		2C69BD8D28B0564100370C2B /* EventVC.swift */ = {isa = PBXFileReference; lastKnownFileType = sourcecode.swift; path = EventVC.swift; sourceTree = "<group>"; };
		2C6E102728AE8B3A006FDE82 /* String+Validation.swift */ = {isa = PBXFileReference; lastKnownFileType = sourcecode.swift; path = "String+Validation.swift"; sourceTree = "<group>"; };
		2C6E102A28AE8D98006FDE82 /* AuthRegCoordinator.swift */ = {isa = PBXFileReference; lastKnownFileType = sourcecode.swift; path = AuthRegCoordinator.swift; sourceTree = "<group>"; };
		2C6E102C28AE8E43006FDE82 /* LoginVC.swift */ = {isa = PBXFileReference; fileEncoding = 4; lastKnownFileType = sourcecode.swift; path = LoginVC.swift; sourceTree = "<group>"; };
		2C6E103028AE98BA006FDE82 /* UIView+InvalidAnimation.swift */ = {isa = PBXFileReference; lastKnownFileType = sourcecode.swift; path = "UIView+InvalidAnimation.swift"; sourceTree = "<group>"; };
		2C6E103328AEF4A8006FDE82 /* UIView+AddBlur.swift */ = {isa = PBXFileReference; lastKnownFileType = sourcecode.swift; path = "UIView+AddBlur.swift"; sourceTree = "<group>"; };
		2C6E103A28AFB4D5006FDE82 /* AuthManager.swift */ = {isa = PBXFileReference; lastKnownFileType = sourcecode.swift; path = AuthManager.swift; sourceTree = "<group>"; };
		2C6E103D28B00E9E006FDE82 /* GoogleService-Info.plist */ = {isa = PBXFileReference; fileEncoding = 4; lastKnownFileType = text.plist.xml; path = "GoogleService-Info.plist"; sourceTree = "<group>"; };
		2C6E103F28B01CDF006FDE82 /* AddEventVC.swift */ = {isa = PBXFileReference; lastKnownFileType = sourcecode.swift; path = AddEventVC.swift; sourceTree = "<group>"; };
		2C6E104328B01EAA006FDE82 /* ImagePicker.swift */ = {isa = PBXFileReference; lastKnownFileType = sourcecode.swift; path = ImagePicker.swift; sourceTree = "<group>"; };
		2C6E104528B01F10006FDE82 /* EventManager.swift */ = {isa = PBXFileReference; lastKnownFileType = sourcecode.swift; path = EventManager.swift; sourceTree = "<group>"; };
		2C6E104728B01F28006FDE82 /* ImageManager.swift */ = {isa = PBXFileReference; lastKnownFileType = sourcecode.swift; path = ImageManager.swift; sourceTree = "<group>"; };
		2C81638E28AE77EA00D9D564 /* FeedbackGenerator.swift */ = {isa = PBXFileReference; fileEncoding = 4; lastKnownFileType = sourcecode.swift; path = FeedbackGenerator.swift; sourceTree = "<group>"; };
		2C81639528AE796800D9D564 /* RegistrationView.swift */ = {isa = PBXFileReference; fileEncoding = 4; lastKnownFileType = sourcecode.swift; path = RegistrationView.swift; sourceTree = "<group>"; };
		2C81639628AE796800D9D564 /* LoginView.swift */ = {isa = PBXFileReference; fileEncoding = 4; lastKnownFileType = sourcecode.swift; path = LoginView.swift; sourceTree = "<group>"; };
		2C81639728AE796800D9D564 /* CustomTextField.swift */ = {isa = PBXFileReference; fileEncoding = 4; lastKnownFileType = sourcecode.swift; path = CustomTextField.swift; sourceTree = "<group>"; };
		2C81639C28AE7EF100D9D564 /* RegistrationVC.swift */ = {isa = PBXFileReference; fileEncoding = 4; lastKnownFileType = sourcecode.swift; path = RegistrationVC.swift; sourceTree = "<group>"; };
		2C81639E28AE8A3800D9D564 /* UIColor+HexString.swift */ = {isa = PBXFileReference; fileEncoding = 4; lastKnownFileType = sourcecode.swift; path = "UIColor+HexString.swift"; sourceTree = "<group>"; };
		2C81639F28AE8A3800D9D564 /* UIView+DropShadow.swift */ = {isa = PBXFileReference; fileEncoding = 4; lastKnownFileType = sourcecode.swift; path = "UIView+DropShadow.swift"; sourceTree = "<group>"; };
		2C8163A028AE8A3800D9D564 /* UIVIew+Frame.swift */ = {isa = PBXFileReference; fileEncoding = 4; lastKnownFileType = sourcecode.swift; path = "UIVIew+Frame.swift"; sourceTree = "<group>"; };
		2CCA56D328A3935000934F99 /* Localizable.strings */ = {isa = PBXFileReference; lastKnownFileType = text.plist.strings; path = Localizable.strings; sourceTree = "<group>"; };
		2CCA56E728A443EA00934F99 /* CoordinatorProtocol.swift */ = {isa = PBXFileReference; lastKnownFileType = sourcecode.swift; path = CoordinatorProtocol.swift; sourceTree = "<group>"; };
		2CCA56E928A4451700934F99 /* TabBarCoordinator.swift */ = {isa = PBXFileReference; lastKnownFileType = sourcecode.swift; path = TabBarCoordinator.swift; sourceTree = "<group>"; };
		2CCA56F028A588A900934F99 /* MenuCoordinator.swift */ = {isa = PBXFileReference; lastKnownFileType = sourcecode.swift; path = MenuCoordinator.swift; sourceTree = "<group>"; };
		2CCA56F228A588BA00934F99 /* MapCoordinator.swift */ = {isa = PBXFileReference; lastKnownFileType = sourcecode.swift; path = MapCoordinator.swift; sourceTree = "<group>"; };
		2CCA56F428A588CA00934F99 /* ProfileCoordinator.swift */ = {isa = PBXFileReference; lastKnownFileType = sourcecode.swift; path = ProfileCoordinator.swift; sourceTree = "<group>"; };
		2CCB627228AD5BE6005586AF /* MenuTableViewAdapter.swift */ = {isa = PBXFileReference; fileEncoding = 4; lastKnownFileType = sourcecode.swift; path = MenuTableViewAdapter.swift; sourceTree = "<group>"; };
		2CCB627328AD5BE6005586AF /* MenuTableViewCell.swift */ = {isa = PBXFileReference; fileEncoding = 4; lastKnownFileType = sourcecode.swift; path = MenuTableViewCell.swift; sourceTree = "<group>"; };
		2CCB627428AD5BE6005586AF /* AddTableViewCell.swift */ = {isa = PBXFileReference; fileEncoding = 4; lastKnownFileType = sourcecode.swift; path = AddTableViewCell.swift; sourceTree = "<group>"; };
		2CCB627528AD5BE6005586AF /* MenuVC.swift */ = {isa = PBXFileReference; fileEncoding = 4; lastKnownFileType = sourcecode.swift; path = MenuVC.swift; sourceTree = "<group>"; };
		2CCB627C28AD5CA4005586AF /* MapVC.swift */ = {isa = PBXFileReference; fileEncoding = 4; lastKnownFileType = sourcecode.swift; path = MapVC.swift; sourceTree = "<group>"; };
		B330662728A2578800528BCE /* PartyHub.app */ = {isa = PBXFileReference; explicitFileType = wrapper.application; includeInIndex = 0; path = PartyHub.app; sourceTree = BUILT_PRODUCTS_DIR; };
		B330662A28A2578800528BCE /* AppDelegate.swift */ = {isa = PBXFileReference; lastKnownFileType = sourcecode.swift; path = AppDelegate.swift; sourceTree = "<group>"; };
		B330663328A2578900528BCE /* Assets.xcassets */ = {isa = PBXFileReference; lastKnownFileType = folder.assetcatalog; path = Assets.xcassets; sourceTree = "<group>"; };
		B330663628A2578900528BCE /* Base */ = {isa = PBXFileReference; lastKnownFileType = file.storyboard; name = Base; path = Base.lproj/LaunchScreen.storyboard; sourceTree = "<group>"; };
		B330663828A2578900528BCE /* Info.plist */ = {isa = PBXFileReference; lastKnownFileType = text.plist.xml; path = Info.plist; sourceTree = "<group>"; };
		E921D60728A8F8A0001DFB51 /* ProfileVC.swift */ = {isa = PBXFileReference; lastKnownFileType = sourcecode.swift; path = ProfileVC.swift; sourceTree = "<group>"; };
/* End PBXFileReference section */

/* Begin PBXFrameworksBuildPhase section */
		B330662428A2578800528BCE /* Frameworks */ = {
			isa = PBXFrameworksBuildPhase;
			buildActionMask = 2147483647;
			files = (
			);
			runOnlyForDeploymentPostprocessing = 0;
		};
/* End PBXFrameworksBuildPhase section */

/* Begin PBXGroup section */
		2C52F2D228AAC5F00007938C /* Routers */ = {
			isa = PBXGroup;
			children = (
				2C52F2DB28AB04A60007938C /* TabBarRouter.swift */,
				2C52F2DE28AB04D20007938C /* DefaultRouter.swift */,
			);
			path = Routers;
			sourceTree = "<group>";
		};
		2C52F2E228AB8E700007938C /* Extensions */ = {
			isa = PBXGroup;
			children = (
				2C81639E28AE8A3800D9D564 /* UIColor+HexString.swift */,
				2C81639F28AE8A3800D9D564 /* UIView+DropShadow.swift */,
				2C8163A028AE8A3800D9D564 /* UIVIew+Frame.swift */,
				2C52F2E028AB8DF20007938C /* UIApplication+TopViewController.swift */,
				2C6E102728AE8B3A006FDE82 /* String+Validation.swift */,
				2C6E103028AE98BA006FDE82 /* UIView+InvalidAnimation.swift */,
				2C6E103328AEF4A8006FDE82 /* UIView+AddBlur.swift */,
				2C69BD7D28B021FF00370C2B /* String+EncodeURL+Strip.swift */,
				2C69BD7F28B0223400370C2B /* UIImage+ResizeImage.swift */,
				2C69BD8428B024BD00370C2B /* CLLocation.swift */,
			);
			path = Extensions;
			sourceTree = "<group>";
		};
		2C69BD8128B0240D00370C2B /* MapToChooseVC */ = {
			isa = PBXGroup;
			children = (
				2C69BD8228B0241A00370C2B /* MapToChooseVC.swift */,
				2C69BD8828B0559E00370C2B /* CurLocationButton.swift */,
			);
			path = MapToChooseVC;
			sourceTree = "<group>";
		};
		2C69BD8C28B0563000370C2B /* EventVC */ = {
			isa = PBXGroup;
			children = (
				2C69BD8D28B0564100370C2B /* EventVC.swift */,
			);
			path = EventVC;
			sourceTree = "<group>";
		};
		2C6E102928AE8B7A006FDE82 /* LoginVC */ = {
			isa = PBXGroup;
			children = (
				2C6E102C28AE8E43006FDE82 /* LoginVC.swift */,
				2C81639628AE796800D9D564 /* LoginView.swift */,
			);
			path = LoginVC;
			sourceTree = "<group>";
		};
		2C6E103728AFA861006FDE82 /* ProfileVC */ = {
			isa = PBXGroup;
			children = (
				E921D60728A8F8A0001DFB51 /* ProfileVC.swift */,
			);
			path = ProfileVC;
			sourceTree = "<group>";
		};
		2C6E103C28AFFEA7006FDE82 /* MapVC */ = {
			isa = PBXGroup;
			children = (
				2CCB627C28AD5CA4005586AF /* MapVC.swift */,
				2C69BD8628B051D300370C2B /* MapModel.swift */,
			);
			path = MapVC;
			sourceTree = "<group>";
		};
		2C6E104128B01CE3006FDE82 /* AddEventVC */ = {
			isa = PBXGroup;
			children = (
				2C6E103F28B01CDF006FDE82 /* AddEventVC.swift */,
				2C69BD8A28B055E900370C2B /* EventImageView.swift */,
			);
			path = AddEventVC;
			sourceTree = "<group>";
		};
		2C6E104228B01E5B006FDE82 /* ImagePicker */ = {
			isa = PBXGroup;
			children = (
				2C6E104328B01EAA006FDE82 /* ImagePicker.swift */,
			);
			path = ImagePicker;
			sourceTree = "<group>";
		};
		2C81638D28AE77EA00D9D564 /* Managers */ = {
			isa = PBXGroup;
			children = (
				2C81638E28AE77EA00D9D564 /* FeedbackGenerator.swift */,
				2C6E103A28AFB4D5006FDE82 /* AuthManager.swift */,
				2C6E104528B01F10006FDE82 /* EventManager.swift */,
				2C6E104728B01F28006FDE82 /* ImageManager.swift */,
				2C69BD7B28B0219C00370C2B /* NetworkManager.swift */,
			);
			path = Managers;
			sourceTree = "<group>";
		};
		2C81639B28AE7EC900D9D564 /* RegistrationVC */ = {
			isa = PBXGroup;
			children = (
				2C81639C28AE7EF100D9D564 /* RegistrationVC.swift */,
				2C81639528AE796800D9D564 /* RegistrationView.swift */,
				2C81639728AE796800D9D564 /* CustomTextField.swift */,
			);
			path = RegistrationVC;
			sourceTree = "<group>";
		};
		2CCA56C128A2DF2400934F99 /* Modules */ = {
			isa = PBXGroup;
			children = (
				2C69BD8C28B0563000370C2B /* EventVC */,
				2CCB627128AD5BE6005586AF /* MenuVC */,
				2C81639B28AE7EC900D9D564 /* RegistrationVC */,
				2C6E102928AE8B7A006FDE82 /* LoginVC */,
				2C6E103728AFA861006FDE82 /* ProfileVC */,
				2C6E103C28AFFEA7006FDE82 /* MapVC */,
			);
			path = Modules;
			sourceTree = "<group>";
		};
		2CCA56C228A2DF5800934F99 /* Sources */ = {
			isa = PBXGroup;
			children = (
				B330662A28A2578800528BCE /* AppDelegate.swift */,
			);
			path = Sources;
			sourceTree = "<group>";
		};
		2CCA56C328A2DF7700934F99 /* Other */ = {
			isa = PBXGroup;
			children = (
				2C52F2E228AB8E700007938C /* Extensions */,
				B330663528A2578900528BCE /* LaunchScreen.storyboard */,
				B330663328A2578900528BCE /* Assets.xcassets */,
			);
			path = Other;
			sourceTree = "<group>";
		};
		2CCA56D528A3937A00934F99 /* SupportinFiles */ = {
			isa = PBXGroup;
			children = (
				2CCA56D328A3935000934F99 /* Localizable.strings */,
			);
			path = SupportinFiles;
			sourceTree = "<group>";
		};
		2CCA56DD28A42C6500934F99 /* Coordinators */ = {
			isa = PBXGroup;
			children = (
				2CCA56E028A42EF800934F99 /* Protocols */,
				2C52F2D228AAC5F00007938C /* Routers */,
				2CCA56E928A4451700934F99 /* TabBarCoordinator.swift */,
				2CCA56F028A588A900934F99 /* MenuCoordinator.swift */,
				2CCA56F228A588BA00934F99 /* MapCoordinator.swift */,
				2CCA56F428A588CA00934F99 /* ProfileCoordinator.swift */,
				2C6E102A28AE8D98006FDE82 /* AuthRegCoordinator.swift */,
			);
			path = Coordinators;
			sourceTree = "<group>";
		};
		2CCA56E028A42EF800934F99 /* Protocols */ = {
			isa = PBXGroup;
			children = (
				2CCA56E728A443EA00934F99 /* CoordinatorProtocol.swift */,
				2C52F2D928AB047E0007938C /* PresentableProtocol.swift */,
			);
			path = Protocols;
			sourceTree = "<group>";
		};
		2CCB627128AD5BE6005586AF /* MenuVC */ = {
			isa = PBXGroup;
			children = (
				2C6E104228B01E5B006FDE82 /* ImagePicker */,
				2C6E104128B01CE3006FDE82 /* AddEventVC */,
				2C69BD8128B0240D00370C2B /* MapToChooseVC */,
				2CCB627328AD5BE6005586AF /* MenuTableViewCell.swift */,
				2CCB627428AD5BE6005586AF /* AddTableViewCell.swift */,
				2CCB627528AD5BE6005586AF /* MenuVC.swift */,
				2CCB627228AD5BE6005586AF /* MenuTableViewAdapter.swift */,
			);
			path = MenuVC;
			sourceTree = "<group>";
		};
		7C68373E680DE8072465D3B3 /* Pods */ = {
			isa = PBXGroup;
			children = (
			);
			path = Pods;
			sourceTree = "<group>";
		};
		B330661E28A2578800528BCE = {
			isa = PBXGroup;
			children = (
				B330662928A2578800528BCE /* PartyHub */,
				B330662828A2578800528BCE /* Products */,
				7C68373E680DE8072465D3B3 /* Pods */,
			);
			sourceTree = "<group>";
		};
		B330662828A2578800528BCE /* Products */ = {
			isa = PBXGroup;
			children = (
				B330662728A2578800528BCE /* PartyHub.app */,
			);
			name = Products;
			sourceTree = "<group>";
		};
		B330662928A2578800528BCE /* PartyHub */ = {
			isa = PBXGroup;
			children = (
				2C81638D28AE77EA00D9D564 /* Managers */,
				2CCA56DD28A42C6500934F99 /* Coordinators */,
				2CCA56C128A2DF2400934F99 /* Modules */,
				2CCA56C328A2DF7700934F99 /* Other */,
				2CCA56C228A2DF5800934F99 /* Sources */,
				2CCA56D528A3937A00934F99 /* SupportinFiles */,
				B330663828A2578900528BCE /* Info.plist */,
				2C6E103D28B00E9E006FDE82 /* GoogleService-Info.plist */,
			);
			path = PartyHub;
			sourceTree = "<group>";
		};
/* End PBXGroup section */

/* Begin PBXNativeTarget section */
		B330662628A2578800528BCE /* PartyHub */ = {
			isa = PBXNativeTarget;
			buildConfigurationList = B330663B28A2578900528BCE /* Build configuration list for PBXNativeTarget "PartyHub" */;
			buildPhases = (
				2CCA56DC28A3E87E00934F99 /* SwiftLint */,
				B330662328A2578800528BCE /* Sources */,
				B330662428A2578800528BCE /* Frameworks */,
				B330662528A2578800528BCE /* Resources */,
			);
			buildRules = (
			);
			dependencies = (
			);
			name = PartyHub;
			productName = PartyHub;
			productReference = B330662728A2578800528BCE /* PartyHub.app */;
			productType = "com.apple.product-type.application";
		};
/* End PBXNativeTarget section */

/* Begin PBXProject section */
		B330661F28A2578800528BCE /* Project object */ = {
			isa = PBXProject;
			attributes = {
				BuildIndependentTargetsInParallel = 1;
				LastSwiftUpdateCheck = 1340;
				LastUpgradeCheck = 1340;
				TargetAttributes = {
					B330662628A2578800528BCE = {
						CreatedOnToolsVersion = 13.4.1;
					};
				};
			};
			buildConfigurationList = B330662228A2578800528BCE /* Build configuration list for PBXProject "PartyHub" */;
			compatibilityVersion = "Xcode 13.0";
			developmentRegion = en;
			hasScannedForEncodings = 0;
			knownRegions = (
				en,
				Base,
			);
			mainGroup = B330661E28A2578800528BCE;
			productRefGroup = B330662828A2578800528BCE /* Products */;
			projectDirPath = "";
			projectRoot = "";
			targets = (
				B330662628A2578800528BCE /* PartyHub */,
			);
		};
/* End PBXProject section */

/* Begin PBXResourcesBuildPhase section */
		B330662528A2578800528BCE /* Resources */ = {
			isa = PBXResourcesBuildPhase;
			buildActionMask = 2147483647;
			files = (
				B330663728A2578900528BCE /* LaunchScreen.storyboard in Resources */,
				2CCA56D428A3935100934F99 /* Localizable.strings in Resources */,
				B330663428A2578900528BCE /* Assets.xcassets in Resources */,
				2C6E103E28B00E9E006FDE82 /* GoogleService-Info.plist in Resources */,
			);
			runOnlyForDeploymentPostprocessing = 0;
		};
/* End PBXResourcesBuildPhase section */

/* Begin PBXShellScriptBuildPhase section */
		2CCA56DC28A3E87E00934F99 /* SwiftLint */ = {
			isa = PBXShellScriptBuildPhase;
			buildActionMask = 2147483647;
			files = (
			);
			inputFileListPaths = (
			);
			inputPaths = (
			);
			name = SwiftLint;
			outputFileListPaths = (
			);
			outputPaths = (
			);
			runOnlyForDeploymentPostprocessing = 0;
			shellPath = /bin/sh;
			shellScript = "\"${PODS_ROOT}/SwiftLint/swiftlint\"\n";
		};
/* End PBXShellScriptBuildPhase section */

/* Begin PBXSourcesBuildPhase section */
		B330662328A2578800528BCE /* Sources */ = {
			isa = PBXSourcesBuildPhase;
			buildActionMask = 2147483647;
			files = (
				2C69BD7C28B0219D00370C2B /* NetworkManager.swift in Sources */,
				2C52F2E128AB8DF20007938C /* UIApplication+TopViewController.swift in Sources */,
				2C6E103428AEF4A8006FDE82 /* UIView+AddBlur.swift in Sources */,
				2C81639828AE796800D9D564 /* RegistrationView.swift in Sources */,
				2C81638F28AE77EA00D9D564 /* FeedbackGenerator.swift in Sources */,
				E921D60828A8F8A0001DFB51 /* ProfileVC.swift in Sources */,
				2C81639928AE796800D9D564 /* LoginView.swift in Sources */,
				2C6E104628B01F10006FDE82 /* EventManager.swift in Sources */,
				2CCA56F528A588CA00934F99 /* ProfileCoordinator.swift in Sources */,
				2C6E102B28AE8D98006FDE82 /* AuthRegCoordinator.swift in Sources */,
				2C52F2DF28AB04D20007938C /* DefaultRouter.swift in Sources */,
				2C81639A28AE796800D9D564 /* CustomTextField.swift in Sources */,
				2CCA56F128A588A900934F99 /* MenuCoordinator.swift in Sources */,
				2C6E103B28AFB4D5006FDE82 /* AuthManager.swift in Sources */,
				2CCB627928AD5BE6005586AF /* MenuVC.swift in Sources */,
				2CCA56F328A588BA00934F99 /* MapCoordinator.swift in Sources */,
				2C69BD8E28B0564100370C2B /* EventVC.swift in Sources */,
				2C69BD8728B051D300370C2B /* MapModel.swift in Sources */,
				2C81639D28AE7EF100D9D564 /* RegistrationVC.swift in Sources */,
				2C6E104828B01F28006FDE82 /* ImageManager.swift in Sources */,
				2C6E104028B01CDF006FDE82 /* AddEventVC.swift in Sources */,
				2C6E103128AE98BA006FDE82 /* UIView+InvalidAnimation.swift in Sources */,
				2C8163A128AE8A3800D9D564 /* UIColor+HexString.swift in Sources */,
				2C6E104428B01EAB006FDE82 /* ImagePicker.swift in Sources */,
				2C8163A228AE8A3800D9D564 /* UIView+DropShadow.swift in Sources */,
				2C52F2DC28AB04A60007938C /* TabBarRouter.swift in Sources */,
				2C6E102D28AE8E43006FDE82 /* LoginVC.swift in Sources */,
				2CCB627828AD5BE6005586AF /* AddTableViewCell.swift in Sources */,
				2C69BD8B28B055E900370C2B /* EventImageView.swift in Sources */,
				2C69BD8928B0559E00370C2B /* CurLocationButton.swift in Sources */,
				2CCB627628AD5BE6005586AF /* MenuTableViewAdapter.swift in Sources */,
				2CCB627D28AD5CA4005586AF /* MapVC.swift in Sources */,
				2CCB627728AD5BE6005586AF /* MenuTableViewCell.swift in Sources */,
				B330662B28A2578800528BCE /* AppDelegate.swift in Sources */,
				2C69BD8328B0241A00370C2B /* MapToChooseVC.swift in Sources */,
				2C69BD7E28B021FF00370C2B /* String+EncodeURL+Strip.swift in Sources */,
				2C8163A328AE8A3800D9D564 /* UIVIew+Frame.swift in Sources */,
				2CCA56EA28A4451700934F99 /* TabBarCoordinator.swift in Sources */,
				2C69BD8528B024BD00370C2B /* CLLocation.swift in Sources */,
				2CCA56E828A443EA00934F99 /* CoordinatorProtocol.swift in Sources */,
				2C52F2DA28AB047E0007938C /* PresentableProtocol.swift in Sources */,
				2C6E102828AE8B3A006FDE82 /* String+Validation.swift in Sources */,
				2C69BD8028B0223400370C2B /* UIImage+ResizeImage.swift in Sources */,
			);
			runOnlyForDeploymentPostprocessing = 0;
		};
/* End PBXSourcesBuildPhase section */

/* Begin PBXVariantGroup section */
		B330663528A2578900528BCE /* LaunchScreen.storyboard */ = {
			isa = PBXVariantGroup;
			children = (
				B330663628A2578900528BCE /* Base */,
			);
			name = LaunchScreen.storyboard;
			sourceTree = "<group>";
		};
/* End PBXVariantGroup section */

/* Begin XCBuildConfiguration section */
		B330663928A2578900528BCE /* Debug */ = {
			isa = XCBuildConfiguration;
			buildSettings = {
				ALWAYS_SEARCH_USER_PATHS = NO;
				CLANG_ANALYZER_NONNULL = YES;
				CLANG_ANALYZER_NUMBER_OBJECT_CONVERSION = YES_AGGRESSIVE;
				CLANG_CXX_LANGUAGE_STANDARD = "gnu++17";
				CLANG_ENABLE_MODULES = YES;
				CLANG_ENABLE_OBJC_ARC = YES;
				CLANG_ENABLE_OBJC_WEAK = YES;
				CLANG_WARN_BLOCK_CAPTURE_AUTORELEASING = YES;
				CLANG_WARN_BOOL_CONVERSION = YES;
				CLANG_WARN_COMMA = YES;
				CLANG_WARN_CONSTANT_CONVERSION = YES;
				CLANG_WARN_DEPRECATED_OBJC_IMPLEMENTATIONS = YES;
				CLANG_WARN_DIRECT_OBJC_ISA_USAGE = YES_ERROR;
				CLANG_WARN_DOCUMENTATION_COMMENTS = YES;
				CLANG_WARN_EMPTY_BODY = YES;
				CLANG_WARN_ENUM_CONVERSION = YES;
				CLANG_WARN_INFINITE_RECURSION = YES;
				CLANG_WARN_INT_CONVERSION = YES;
				CLANG_WARN_NON_LITERAL_NULL_CONVERSION = YES;
				CLANG_WARN_OBJC_IMPLICIT_RETAIN_SELF = YES;
				CLANG_WARN_OBJC_LITERAL_CONVERSION = YES;
				CLANG_WARN_OBJC_ROOT_CLASS = YES_ERROR;
				CLANG_WARN_QUOTED_INCLUDE_IN_FRAMEWORK_HEADER = YES;
				CLANG_WARN_RANGE_LOOP_ANALYSIS = YES;
				CLANG_WARN_STRICT_PROTOTYPES = YES;
				CLANG_WARN_SUSPICIOUS_MOVE = YES;
				CLANG_WARN_UNGUARDED_AVAILABILITY = YES_AGGRESSIVE;
				CLANG_WARN_UNREACHABLE_CODE = YES;
				CLANG_WARN__DUPLICATE_METHOD_MATCH = YES;
				COPY_PHASE_STRIP = NO;
				DEBUG_INFORMATION_FORMAT = dwarf;
				ENABLE_STRICT_OBJC_MSGSEND = YES;
				ENABLE_TESTABILITY = YES;
				GCC_C_LANGUAGE_STANDARD = gnu11;
				GCC_DYNAMIC_NO_PIC = NO;
				GCC_NO_COMMON_BLOCKS = YES;
				GCC_OPTIMIZATION_LEVEL = 0;
				GCC_PREPROCESSOR_DEFINITIONS = (
					"DEBUG=1",
					"$(inherited)",
				);
				GCC_WARN_64_TO_32_BIT_CONVERSION = YES;
				GCC_WARN_ABOUT_RETURN_TYPE = YES_ERROR;
				GCC_WARN_UNDECLARED_SELECTOR = YES;
				GCC_WARN_UNINITIALIZED_AUTOS = YES_AGGRESSIVE;
				GCC_WARN_UNUSED_FUNCTION = YES;
				GCC_WARN_UNUSED_VARIABLE = YES;
				IPHONEOS_DEPLOYMENT_TARGET = 14.1;
				MTL_ENABLE_DEBUG_INFO = INCLUDE_SOURCE;
				MTL_FAST_MATH = YES;
				ONLY_ACTIVE_ARCH = YES;
				SDKROOT = iphoneos;
				SWIFT_ACTIVE_COMPILATION_CONDITIONS = DEBUG;
				SWIFT_OPTIMIZATION_LEVEL = "-Onone";
			};
			name = Debug;
		};
		B330663A28A2578900528BCE /* Release */ = {
			isa = XCBuildConfiguration;
			buildSettings = {
				ALWAYS_SEARCH_USER_PATHS = NO;
				CLANG_ANALYZER_NONNULL = YES;
				CLANG_ANALYZER_NUMBER_OBJECT_CONVERSION = YES_AGGRESSIVE;
				CLANG_CXX_LANGUAGE_STANDARD = "gnu++17";
				CLANG_ENABLE_MODULES = YES;
				CLANG_ENABLE_OBJC_ARC = YES;
				CLANG_ENABLE_OBJC_WEAK = YES;
				CLANG_WARN_BLOCK_CAPTURE_AUTORELEASING = YES;
				CLANG_WARN_BOOL_CONVERSION = YES;
				CLANG_WARN_COMMA = YES;
				CLANG_WARN_CONSTANT_CONVERSION = YES;
				CLANG_WARN_DEPRECATED_OBJC_IMPLEMENTATIONS = YES;
				CLANG_WARN_DIRECT_OBJC_ISA_USAGE = YES_ERROR;
				CLANG_WARN_DOCUMENTATION_COMMENTS = YES;
				CLANG_WARN_EMPTY_BODY = YES;
				CLANG_WARN_ENUM_CONVERSION = YES;
				CLANG_WARN_INFINITE_RECURSION = YES;
				CLANG_WARN_INT_CONVERSION = YES;
				CLANG_WARN_NON_LITERAL_NULL_CONVERSION = YES;
				CLANG_WARN_OBJC_IMPLICIT_RETAIN_SELF = YES;
				CLANG_WARN_OBJC_LITERAL_CONVERSION = YES;
				CLANG_WARN_OBJC_ROOT_CLASS = YES_ERROR;
				CLANG_WARN_QUOTED_INCLUDE_IN_FRAMEWORK_HEADER = YES;
				CLANG_WARN_RANGE_LOOP_ANALYSIS = YES;
				CLANG_WARN_STRICT_PROTOTYPES = YES;
				CLANG_WARN_SUSPICIOUS_MOVE = YES;
				CLANG_WARN_UNGUARDED_AVAILABILITY = YES_AGGRESSIVE;
				CLANG_WARN_UNREACHABLE_CODE = YES;
				CLANG_WARN__DUPLICATE_METHOD_MATCH = YES;
				COPY_PHASE_STRIP = NO;
				DEBUG_INFORMATION_FORMAT = "dwarf-with-dsym";
				ENABLE_NS_ASSERTIONS = NO;
				ENABLE_STRICT_OBJC_MSGSEND = YES;
				GCC_C_LANGUAGE_STANDARD = gnu11;
				GCC_NO_COMMON_BLOCKS = YES;
				GCC_WARN_64_TO_32_BIT_CONVERSION = YES;
				GCC_WARN_ABOUT_RETURN_TYPE = YES_ERROR;
				GCC_WARN_UNDECLARED_SELECTOR = YES;
				GCC_WARN_UNINITIALIZED_AUTOS = YES_AGGRESSIVE;
				GCC_WARN_UNUSED_FUNCTION = YES;
				GCC_WARN_UNUSED_VARIABLE = YES;
				IPHONEOS_DEPLOYMENT_TARGET = 14.1;
				MTL_ENABLE_DEBUG_INFO = NO;
				MTL_FAST_MATH = YES;
				SDKROOT = iphoneos;
				SWIFT_COMPILATION_MODE = wholemodule;
				SWIFT_OPTIMIZATION_LEVEL = "-O";
				VALIDATE_PRODUCT = YES;
			};
			name = Release;
		};
		B330663C28A2578900528BCE /* Debug */ = {
			isa = XCBuildConfiguration;
			buildSettings = {
				ASSETCATALOG_COMPILER_APPICON_NAME = AppIcon;
				ASSETCATALOG_COMPILER_GLOBAL_ACCENT_COLOR_NAME = AccentColor;
				CODE_SIGN_STYLE = Automatic;
				CURRENT_PROJECT_VERSION = 1;
				DEVELOPMENT_TEAM = 69S65245DU;
				GENERATE_INFOPLIST_FILE = YES;
				INFOPLIST_FILE = PartyHub/Info.plist;
				INFOPLIST_KEY_UIApplicationSupportsIndirectInputEvents = YES;
				INFOPLIST_KEY_UILaunchStoryboardName = LaunchScreen;
				INFOPLIST_KEY_UISupportedInterfaceOrientations = "";
				INFOPLIST_KEY_UISupportedInterfaceOrientations_iPad = "UIInterfaceOrientationPortrait UIInterfaceOrientationPortraitUpsideDown UIInterfaceOrientationLandscapeLeft UIInterfaceOrientationLandscapeRight";
				INFOPLIST_KEY_UISupportedInterfaceOrientations_iPhone = "UIInterfaceOrientationPortrait UIInterfaceOrientationLandscapeLeft UIInterfaceOrientationLandscapeRight";
				IPHONEOS_DEPLOYMENT_TARGET = 13.4;
				LD_RUNPATH_SEARCH_PATHS = (
					"$(inherited)",
					"@executable_path/Frameworks",
				);
				MARKETING_VERSION = 1.0;
				PRODUCT_BUNDLE_IDENTIFIER = "-14.PartyHub";
				PRODUCT_NAME = "$(TARGET_NAME)";
				SWIFT_EMIT_LOC_STRINGS = YES;
				SWIFT_VERSION = 5.0;
				TARGETED_DEVICE_FAMILY = 1;
			};
			name = Debug;
		};
		B330663D28A2578900528BCE /* Release */ = {
			isa = XCBuildConfiguration;
			buildSettings = {
				ASSETCATALOG_COMPILER_APPICON_NAME = AppIcon;
				ASSETCATALOG_COMPILER_GLOBAL_ACCENT_COLOR_NAME = AccentColor;
				CODE_SIGN_STYLE = Automatic;
				CURRENT_PROJECT_VERSION = 1;
				DEVELOPMENT_TEAM = 69S65245DU;
				GENERATE_INFOPLIST_FILE = YES;
				INFOPLIST_FILE = PartyHub/Info.plist;
				INFOPLIST_KEY_UIApplicationSupportsIndirectInputEvents = YES;
				INFOPLIST_KEY_UILaunchStoryboardName = LaunchScreen;
				INFOPLIST_KEY_UISupportedInterfaceOrientations = "";
				INFOPLIST_KEY_UISupportedInterfaceOrientations_iPad = "UIInterfaceOrientationPortrait UIInterfaceOrientationPortraitUpsideDown UIInterfaceOrientationLandscapeLeft UIInterfaceOrientationLandscapeRight";
				INFOPLIST_KEY_UISupportedInterfaceOrientations_iPhone = "UIInterfaceOrientationPortrait UIInterfaceOrientationLandscapeLeft UIInterfaceOrientationLandscapeRight";
				IPHONEOS_DEPLOYMENT_TARGET = 13.4;
				LD_RUNPATH_SEARCH_PATHS = (
					"$(inherited)",
					"@executable_path/Frameworks",
				);
				MARKETING_VERSION = 1.0;
				PRODUCT_BUNDLE_IDENTIFIER = "-14.PartyHub";
				PRODUCT_NAME = "$(TARGET_NAME)";
				SWIFT_EMIT_LOC_STRINGS = YES;
				SWIFT_VERSION = 5.0;
				TARGETED_DEVICE_FAMILY = 1;
			};
			name = Release;
		};
/* End XCBuildConfiguration section */

/* Begin XCConfigurationList section */
		B330662228A2578800528BCE /* Build configuration list for PBXProject "PartyHub" */ = {
			isa = XCConfigurationList;
			buildConfigurations = (
				B330663928A2578900528BCE /* Debug */,
				B330663A28A2578900528BCE /* Release */,
			);
			defaultConfigurationIsVisible = 0;
			defaultConfigurationName = Release;
		};
		B330663B28A2578900528BCE /* Build configuration list for PBXNativeTarget "PartyHub" */ = {
			isa = XCConfigurationList;
			buildConfigurations = (
				B330663C28A2578900528BCE /* Debug */,
				B330663D28A2578900528BCE /* Release */,
			);
			defaultConfigurationIsVisible = 0;
			defaultConfigurationName = Release;
		};
/* End XCConfigurationList section */
	};
	rootObject = B330661F28A2578800528BCE /* Project object */;
}
